// !$*UTF8*$!
{
	archiveVersion = 1;
	classes = {
	};
	objectVersion = 46;
	objects = {

/* Begin PBXBuildFile section */
		4706457E1859447500EF8629 /* TZTorrentSitesParser.h in Headers */ = {isa = PBXBuildFile; fileRef = 47584F8318550C4F005BF727 /* TZTorrentSitesParser.h */; settings = {ATTRIBUTES = (Public, ); }; };
		4706457F1859447C00EF8629 /* TZDebug.h in Headers */ = {isa = PBXBuildFile; fileRef = 4706457D185943E700EF8629 /* TZDebug.h */; settings = {ATTRIBUTES = (Public, ); }; };
		47203AA41884411E002C6E22 /* TZTorrentQuery.h in Headers */ = {isa = PBXBuildFile; fileRef = 47203AA01884411E002C6E22 /* TZTorrentQuery.h */; settings = {ATTRIBUTES = (Public, ); }; };
		47203AA51884411E002C6E22 /* TZTorrentQuery.m in Sources */ = {isa = PBXBuildFile; fileRef = 47203AA11884411E002C6E22 /* TZTorrentQuery.m */; };
		47203AA61884411E002C6E22 /* TZDownloadPages.h in Headers */ = {isa = PBXBuildFile; fileRef = 47203AA21884411E002C6E22 /* TZDownloadPages.h */; settings = {ATTRIBUTES = (Public, ); }; };
		47203AA71884411E002C6E22 /* TZDownloadPages.m in Sources */ = {isa = PBXBuildFile; fileRef = 47203AA31884411E002C6E22 /* TZDownloadPages.m */; };
		4720679A1884AA8800C75B0E /* TZServerIndex.h in Headers */ = {isa = PBXBuildFile; fileRef = 472067981884AA8800C75B0E /* TZServerIndex.h */; settings = {ATTRIBUTES = (Public, ); }; };
		4720679B1884AA8800C75B0E /* TZServerIndex.m in Sources */ = {isa = PBXBuildFile; fileRef = 472067991884AA8800C75B0E /* TZServerIndex.m */; };
		4736D747188C8EDA00128ED7 /* TZ_h33t_PageParser.h in Headers */ = {isa = PBXBuildFile; fileRef = 4736D745188C8EDA00128ED7 /* TZ_h33t_PageParser.h */; };
		4736D748188C8EDA00128ED7 /* TZ_h33t_PageParser.m in Sources */ = {isa = PBXBuildFile; fileRef = 4736D746188C8EDA00128ED7 /* TZ_h33t_PageParser.m */; };
		47584EA418550258005BF727 /* Cocoa.framework in Frameworks */ = {isa = PBXBuildFile; fileRef = 47584EA318550258005BF727 /* Cocoa.framework */; };
		47584EAE18550258005BF727 /* InfoPlist.strings in Resources */ = {isa = PBXBuildFile; fileRef = 47584EAC18550258005BF727 /* InfoPlist.strings */; };
		47584EB918550258005BF727 /* XCTest.framework in Frameworks */ = {isa = PBXBuildFile; fileRef = 47584EB818550258005BF727 /* XCTest.framework */; };
		47584EBA18550258005BF727 /* Cocoa.framework in Frameworks */ = {isa = PBXBuildFile; fileRef = 47584EA318550258005BF727 /* Cocoa.framework */; };
		47584EBD18550258005BF727 /* TZWebContentParser.framework in Frameworks */ = {isa = PBXBuildFile; fileRef = 47584EA018550258005BF727 /* TZWebContentParser.framework */; };
		47584EC318550258005BF727 /* InfoPlist.strings in Resources */ = {isa = PBXBuildFile; fileRef = 47584EC118550258005BF727 /* InfoPlist.strings */; };
		47584EC518550258005BF727 /* TZWebContentParserTests.m in Sources */ = {isa = PBXBuildFile; fileRef = 47584EC418550258005BF727 /* TZWebContentParserTests.m */; };
		47584EE6185503C9005BF727 /* NSHTMLParser.h in Headers */ = {isa = PBXBuildFile; fileRef = 47584EE1185503C9005BF727 /* NSHTMLParser.h */; settings = {ATTRIBUTES = (Public, ); }; };
		47584EE7185503C9005BF727 /* NSHTMLParser.m in Sources */ = {isa = PBXBuildFile; fileRef = 47584EE2185503C9005BF727 /* NSHTMLParser.m */; };
		47584EEF185503D8005BF727 /* TZHTMLParser.h in Headers */ = {isa = PBXBuildFile; fileRef = 47584EEB185503D8005BF727 /* TZHTMLParser.h */; settings = {ATTRIBUTES = (Public, ); }; };
		47584EF0185503D8005BF727 /* TZHTMLParser.m in Sources */ = {isa = PBXBuildFile; fileRef = 47584EEC185503D8005BF727 /* TZHTMLParser.m */; };
		47584EF1185503D8005BF727 /* TZXMLParser.h in Headers */ = {isa = PBXBuildFile; fileRef = 47584EED185503D8005BF727 /* TZXMLParser.h */; settings = {ATTRIBUTES = (Public, ); }; };
		47584EF2185503D8005BF727 /* TZXMLParser.m in Sources */ = {isa = PBXBuildFile; fileRef = 47584EEE185503D8005BF727 /* TZXMLParser.m */; };
		47584EF7185503E4005BF727 /* TZXmlRawParser.h in Headers */ = {isa = PBXBuildFile; fileRef = 47584EF3185503E4005BF727 /* TZXmlRawParser.h */; settings = {ATTRIBUTES = (Public, ); }; };
		47584EF8185503E4005BF727 /* TZXmlRawParser.m in Sources */ = {isa = PBXBuildFile; fileRef = 47584EF4185503E4005BF727 /* TZXmlRawParser.m */; };
		47584EF9185503E4005BF727 /* TZXmlFeedParser.h in Headers */ = {isa = PBXBuildFile; fileRef = 47584EF5185503E4005BF727 /* TZXmlFeedParser.h */; settings = {ATTRIBUTES = (Public, ); }; };
		47584EFA185503E4005BF727 /* TZXmlFeedParser.m in Sources */ = {isa = PBXBuildFile; fileRef = 47584EF6185503E4005BF727 /* TZXmlFeedParser.m */; };
		47584F01185503EC005BF727 /* TZHtmlRawParser.h in Headers */ = {isa = PBXBuildFile; fileRef = 47584EFB185503EC005BF727 /* TZHtmlRawParser.h */; settings = {ATTRIBUTES = (Public, ); }; };
		47584F02185503EC005BF727 /* TZHtmlRawParser.m in Sources */ = {isa = PBXBuildFile; fileRef = 47584EFC185503EC005BF727 /* TZHtmlRawParser.m */; };
		47584F03185503EC005BF727 /* TZServerIndexParser.h in Headers */ = {isa = PBXBuildFile; fileRef = 47584EFD185503EC005BF727 /* TZServerIndexParser.h */; settings = {ATTRIBUTES = (Public, ); }; };
		47584F04185503EC005BF727 /* TZServerIndexParser.m in Sources */ = {isa = PBXBuildFile; fileRef = 47584EFE185503EC005BF727 /* TZServerIndexParser.m */; };
		47584F05185503EC005BF727 /* TZDownloadPageParser.h in Headers */ = {isa = PBXBuildFile; fileRef = 47584EFF185503EC005BF727 /* TZDownloadPageParser.h */; settings = {ATTRIBUTES = (Public, ); }; };
		47584F06185503EC005BF727 /* TZDownloadPageParser.m in Sources */ = {isa = PBXBuildFile; fileRef = 47584F00185503EC005BF727 /* TZDownloadPageParser.m */; };
		47584F3D18550401005BF727 /* TZ_bitsnoop_PageParser.h in Headers */ = {isa = PBXBuildFile; fileRef = 47584F0718550401005BF727 /* TZ_bitsnoop_PageParser.h */; };
		47584F3E18550401005BF727 /* TZ_bitsnoop_PageParser.m in Sources */ = {isa = PBXBuildFile; fileRef = 47584F0818550401005BF727 /* TZ_bitsnoop_PageParser.m */; };
		47584F3F18550401005BF727 /* TZ_torrentdownloads_PageParser.h in Headers */ = {isa = PBXBuildFile; fileRef = 47584F0918550401005BF727 /* TZ_torrentdownloads_PageParser.h */; };
		47584F4018550401005BF727 /* TZ_torrentdownloads_PageParser.m in Sources */ = {isa = PBXBuildFile; fileRef = 47584F0A18550401005BF727 /* TZ_torrentdownloads_PageParser.m */; };
		47584F4118550401005BF727 /* TZ_monova_PageParser.h in Headers */ = {isa = PBXBuildFile; fileRef = 47584F0B18550401005BF727 /* TZ_monova_PageParser.h */; };
		47584F4218550401005BF727 /* TZ_monova_PageParser.m in Sources */ = {isa = PBXBuildFile; fileRef = 47584F0C18550401005BF727 /* TZ_monova_PageParser.m */; };
		47584F4318550401005BF727 /* TZ_torrentcrazy_PageParser.h in Headers */ = {isa = PBXBuildFile; fileRef = 47584F0D18550401005BF727 /* TZ_torrentcrazy_PageParser.h */; };
		47584F4418550401005BF727 /* TZ_torrentcrazy_PageParser.m in Sources */ = {isa = PBXBuildFile; fileRef = 47584F0E18550401005BF727 /* TZ_torrentcrazy_PageParser.m */; };
		47584F4518550401005BF727 /* TZ_torrentreactor_PageParser.h in Headers */ = {isa = PBXBuildFile; fileRef = 47584F0F18550401005BF727 /* TZ_torrentreactor_PageParser.h */; };
		47584F4618550401005BF727 /* TZ_torrentreactor_PageParser.m in Sources */ = {isa = PBXBuildFile; fileRef = 47584F1018550401005BF727 /* TZ_torrentreactor_PageParser.m */; };
		47584F4718550401005BF727 /* TZ_torrenthound_PageParser.h in Headers */ = {isa = PBXBuildFile; fileRef = 47584F1118550401005BF727 /* TZ_torrenthound_PageParser.h */; };
		47584F4818550401005BF727 /* TZ_torrenthound_PageParser.m in Sources */ = {isa = PBXBuildFile; fileRef = 47584F1218550401005BF727 /* TZ_torrenthound_PageParser.m */; };
		47584F4918550401005BF727 /* TZ_kickass_PageParser.h in Headers */ = {isa = PBXBuildFile; fileRef = 47584F1318550401005BF727 /* TZ_kickass_PageParser.h */; };
		47584F4A18550401005BF727 /* TZ_kickass_PageParser.m in Sources */ = {isa = PBXBuildFile; fileRef = 47584F1418550401005BF727 /* TZ_kickass_PageParser.m */; };
		47584F4B18550401005BF727 /* TZ_torrentfunk_PageParser.h in Headers */ = {isa = PBXBuildFile; fileRef = 47584F1518550401005BF727 /* TZ_torrentfunk_PageParser.h */; };
		47584F4C18550401005BF727 /* TZ_torrentfunk_PageParser.m in Sources */ = {isa = PBXBuildFile; fileRef = 47584F1618550401005BF727 /* TZ_torrentfunk_PageParser.m */; };
		47584F4D18550401005BF727 /* TZ_seedpeer_PageParser.h in Headers */ = {isa = PBXBuildFile; fileRef = 47584F1718550401005BF727 /* TZ_seedpeer_PageParser.h */; };
		47584F4E18550401005BF727 /* TZ_seedpeer_PageParser.m in Sources */ = {isa = PBXBuildFile; fileRef = 47584F1818550401005BF727 /* TZ_seedpeer_PageParser.m */; };
		47584F4F18550401005BF727 /* TZ_yourbittorrent_PageParser.h in Headers */ = {isa = PBXBuildFile; fileRef = 47584F1918550401005BF727 /* TZ_yourbittorrent_PageParser.h */; };
		47584F5018550401005BF727 /* TZ_yourbittorrent_PageParser.m in Sources */ = {isa = PBXBuildFile; fileRef = 47584F1A18550401005BF727 /* TZ_yourbittorrent_PageParser.m */; };
		47584F5118550401005BF727 /* TZ_torrents_PageParser.h in Headers */ = {isa = PBXBuildFile; fileRef = 47584F1B18550401005BF727 /* TZ_torrents_PageParser.h */; };
		47584F5218550401005BF727 /* TZ_torrents_PageParser.m in Sources */ = {isa = PBXBuildFile; fileRef = 47584F1C18550401005BF727 /* TZ_torrents_PageParser.m */; };
		47584F5318550401005BF727 /* TZ_fulldls_PageParser.h in Headers */ = {isa = PBXBuildFile; fileRef = 47584F1D18550401005BF727 /* TZ_fulldls_PageParser.h */; };
		47584F5418550401005BF727 /* TZ_fulldls_PageParser.m in Sources */ = {isa = PBXBuildFile; fileRef = 47584F1E18550401005BF727 /* TZ_fulldls_PageParser.m */; };
		47584F5518550401005BF727 /* TZ_limetorrents_PageParser.h in Headers */ = {isa = PBXBuildFile; fileRef = 47584F1F18550401005BF727 /* TZ_limetorrents_PageParser.h */; };
		47584F5618550401005BF727 /* TZ_limetorrents_PageParser.m in Sources */ = {isa = PBXBuildFile; fileRef = 47584F2018550401005BF727 /* TZ_limetorrents_PageParser.m */; };
		47584F5718550401005BF727 /* TZ_archive_PageParser.h in Headers */ = {isa = PBXBuildFile; fileRef = 47584F2118550401005BF727 /* TZ_archive_PageParser.h */; };
		47584F5818550401005BF727 /* TZ_archive_PageParser.m in Sources */ = {isa = PBXBuildFile; fileRef = 47584F2218550401005BF727 /* TZ_archive_PageParser.m */; };
		47584F5918550401005BF727 /* TZ_thepiratebay_PageParser.h in Headers */ = {isa = PBXBuildFile; fileRef = 47584F2318550401005BF727 /* TZ_thepiratebay_PageParser.h */; };
		47584F5A18550401005BF727 /* TZ_thepiratebay_PageParser.m in Sources */ = {isa = PBXBuildFile; fileRef = 47584F2418550401005BF727 /* TZ_thepiratebay_PageParser.m */; };
		47584F5B18550401005BF727 /* TZ_torrentzap_PageParser.h in Headers */ = {isa = PBXBuildFile; fileRef = 47584F2518550401005BF727 /* TZ_torrentzap_PageParser.h */; };
		47584F5C18550401005BF727 /* TZ_torrentzap_PageParser.m in Sources */ = {isa = PBXBuildFile; fileRef = 47584F2618550401005BF727 /* TZ_torrentzap_PageParser.m */; };
		47584F5D18550401005BF727 /* TZ_extratorrent_PageParser.h in Headers */ = {isa = PBXBuildFile; fileRef = 47584F2718550401005BF727 /* TZ_extratorrent_PageParser.h */; };
		47584F5E18550401005BF727 /* TZ_extratorrent_PageParser.m in Sources */ = {isa = PBXBuildFile; fileRef = 47584F2818550401005BF727 /* TZ_extratorrent_PageParser.m */; };
		47584F5F18550401005BF727 /* TZ_torlock_PageParser.h in Headers */ = {isa = PBXBuildFile; fileRef = 47584F2918550401005BF727 /* TZ_torlock_PageParser.h */; };
		47584F6018550401005BF727 /* TZ_torlock_PageParser.m in Sources */ = {isa = PBXBuildFile; fileRef = 47584F2A18550401005BF727 /* TZ_torlock_PageParser.m */; };
		47584F6118550401005BF727 /* TZ_vertor_PageParser.h in Headers */ = {isa = PBXBuildFile; fileRef = 47584F2B18550401005BF727 /* TZ_vertor_PageParser.h */; };
		47584F6218550401005BF727 /* TZ_vertor_PageParser.m in Sources */ = {isa = PBXBuildFile; fileRef = 47584F2C18550401005BF727 /* TZ_vertor_PageParser.m */; };
		47584F6318550401005BF727 /* TZ_1337x_PageParser.h in Headers */ = {isa = PBXBuildFile; fileRef = 47584F2D18550401005BF727 /* TZ_1337x_PageParser.h */; };
		47584F6418550401005BF727 /* TZ_1337x_PageParser.m in Sources */ = {isa = PBXBuildFile; fileRef = 47584F2E18550401005BF727 /* TZ_1337x_PageParser.m */; };
		47584F6518550401005BF727 /* TZ_torrentbit_PageParser.h in Headers */ = {isa = PBXBuildFile; fileRef = 47584F2F18550401005BF727 /* TZ_torrentbit_PageParser.h */; };
		47584F6618550401005BF727 /* TZ_torrentbit_PageParser.m in Sources */ = {isa = PBXBuildFile; fileRef = 47584F3018550401005BF727 /* TZ_torrentbit_PageParser.m */; };
		47584F6718550401005BF727 /* TZ_rarbg_PageParser.h in Headers */ = {isa = PBXBuildFile; fileRef = 47584F3118550401005BF727 /* TZ_rarbg_PageParser.h */; };
		47584F6818550401005BF727 /* TZ_rarbg_PageParser.m in Sources */ = {isa = PBXBuildFile; fileRef = 47584F3218550401005BF727 /* TZ_rarbg_PageParser.m */; };
		47584F6918550401005BF727 /* TZ_newtorrents_PageParser.h in Headers */ = {isa = PBXBuildFile; fileRef = 47584F3318550401005BF727 /* TZ_newtorrents_PageParser.h */; };
		47584F6A18550401005BF727 /* TZ_newtorrents_PageParser.m in Sources */ = {isa = PBXBuildFile; fileRef = 47584F3418550401005BF727 /* TZ_newtorrents_PageParser.m */; };
		47584F6B18550401005BF727 /* TZ_bt_chat_PageParser.h in Headers */ = {isa = PBXBuildFile; fileRef = 47584F3518550401005BF727 /* TZ_bt_chat_PageParser.h */; };
		47584F6C18550401005BF727 /* TZ_bt_chat_PageParser.m in Sources */ = {isa = PBXBuildFile; fileRef = 47584F3618550401005BF727 /* TZ_bt_chat_PageParser.m */; };
		47584F6D18550401005BF727 /* TZ_publichd_PageParser.h in Headers */ = {isa = PBXBuildFile; fileRef = 47584F3718550401005BF727 /* TZ_publichd_PageParser.h */; };
		47584F6E18550401005BF727 /* TZ_publichd_PageParser.m in Sources */ = {isa = PBXBuildFile; fileRef = 47584F3818550401005BF727 /* TZ_publichd_PageParser.m */; };
		47584F6F18550401005BF727 /* TZ_eztv_PageParser.h in Headers */ = {isa = PBXBuildFile; fileRef = 47584F3918550401005BF727 /* TZ_eztv_PageParser.h */; };
		47584F7018550401005BF727 /* TZ_eztv_PageParser.m in Sources */ = {isa = PBXBuildFile; fileRef = 47584F3A18550401005BF727 /* TZ_eztv_PageParser.m */; };
		47584F7118550401005BF727 /* TZ_linuxtracker_PageParser.h in Headers */ = {isa = PBXBuildFile; fileRef = 47584F3B18550401005BF727 /* TZ_linuxtracker_PageParser.h */; };
		47584F7218550401005BF727 /* TZ_linuxtracker_PageParser.m in Sources */ = {isa = PBXBuildFile; fileRef = 47584F3C18550401005BF727 /* TZ_linuxtracker_PageParser.m */; };
		47584F7918550439005BF727 /* TZWebContent.h in Headers */ = {isa = PBXBuildFile; fileRef = 47584F7318550439005BF727 /* TZWebContent.h */; settings = {ATTRIBUTES = (Public, ); }; };
		47584F7A18550439005BF727 /* TZWebContent.m in Sources */ = {isa = PBXBuildFile; fileRef = 47584F7418550439005BF727 /* TZWebContent.m */; };
		47584F7B18550439005BF727 /* TZWebContentParser.h in Headers */ = {isa = PBXBuildFile; fileRef = 47584F7518550439005BF727 /* TZWebContentParser.h */; settings = {ATTRIBUTES = (Public, ); }; };
		47584F7C18550439005BF727 /* TZWebContentParser.m in Sources */ = {isa = PBXBuildFile; fileRef = 47584F7618550439005BF727 /* TZWebContentParser.m */; };
		47584F7D18550439005BF727 /* TZPageLoader.h in Headers */ = {isa = PBXBuildFile; fileRef = 47584F7718550439005BF727 /* TZPageLoader.h */; settings = {ATTRIBUTES = (Public, ); }; };
		47584F7E18550439005BF727 /* TZPageLoader.m in Sources */ = {isa = PBXBuildFile; fileRef = 47584F7818550439005BF727 /* TZPageLoader.m */; };
		47584F811855045B005BF727 /* TZTorrentzOperation.h in Headers */ = {isa = PBXBuildFile; fileRef = 47584F7F1855045B005BF727 /* TZTorrentzOperation.h */; settings = {ATTRIBUTES = (Public, ); }; };
		47584F821855045B005BF727 /* TZTorrentzOperation.m in Sources */ = {isa = PBXBuildFile; fileRef = 47584F801855045B005BF727 /* TZTorrentzOperation.m */; };
		47E6981819F7465B0009E243 /* libDTHTMLParser_Mac.a in Frameworks */ = {isa = PBXBuildFile; fileRef = 47E697F219F745B40009E243 /* libDTHTMLParser_Mac.a */; };
		47E6981C19F74AFF0009E243 /* DTHTMLParser.h in Headers */ = {isa = PBXBuildFile; fileRef = 47E6981B19F74AFF0009E243 /* DTHTMLParser.h */; };
		47E6981E19F74B130009E243 /* DTWeakSupport.h in Headers */ = {isa = PBXBuildFile; fileRef = 47E6981D19F74B130009E243 /* DTWeakSupport.h */; };
		47E6982019F74C4D0009E243 /* libxml2.dylib in Frameworks */ = {isa = PBXBuildFile; fileRef = 47E6981F19F74C4D0009E243 /* libxml2.dylib */; };
/* End PBXBuildFile section */

/* Begin PBXContainerItemProxy section */
		47584EBB18550258005BF727 /* PBXContainerItemProxy */ = {
			isa = PBXContainerItemProxy;
			containerPortal = 47584E9718550258005BF727 /* Project object */;
			proxyType = 1;
			remoteGlobalIDString = 47584E9F18550258005BF727;
			remoteInfo = TZWebContentParser;
		};
		47E697E319F745B40009E243 /* PBXContainerItemProxy */ = {
			isa = PBXContainerItemProxy;
			containerPortal = 47E697C719F745B30009E243 /* DTFoundation.xcodeproj */;
			proxyType = 2;
			remoteGlobalIDString = A7BAD10E1483F934000E2B6A;
			remoteInfo = "Static Framework";
		};
		47E697E519F745B40009E243 /* PBXContainerItemProxy */ = {
			isa = PBXContainerItemProxy;
			containerPortal = 47E697C719F745B30009E243 /* DTFoundation.xcodeproj */;
			proxyType = 2;
			remoteGlobalIDString = A70B4CE71486637E00873A4A;
			remoteInfo = "Static Library";
		};
		47E697E719F745B40009E243 /* PBXContainerItemProxy */ = {
			isa = PBXContainerItemProxy;
			containerPortal = 47E697C719F745B30009E243 /* DTFoundation.xcodeproj */;
			proxyType = 2;
			remoteGlobalIDString = A710A5001607556000437D36;
			remoteInfo = "Static Library (Mac)";
		};
		47E697E919F745B40009E243 /* PBXContainerItemProxy */ = {
			isa = PBXContainerItemProxy;
			containerPortal = 47E697C719F745B30009E243 /* DTFoundation.xcodeproj */;
			proxyType = 2;
			remoteGlobalIDString = A7AC21AF196417830009E1B9;
			remoteInfo = "DTAnimatedGIF (iOS)";
		};
		47E697EB19F745B40009E243 /* PBXContainerItemProxy */ = {
			isa = PBXContainerItemProxy;
			containerPortal = 47E697C719F745B30009E243 /* DTFoundation.xcodeproj */;
			proxyType = 2;
			remoteGlobalIDString = A79D999C1792D1F50082BC06;
			remoteInfo = "DTAWS (iOS)";
		};
		47E697ED19F745B40009E243 /* PBXContainerItemProxy */ = {
			isa = PBXContainerItemProxy;
			containerPortal = 47E697C719F745B30009E243 /* DTFoundation.xcodeproj */;
			proxyType = 2;
			remoteGlobalIDString = FA9CB80C17ABDEF200A596C5;
			remoteInfo = "DTASN1 (iOS)";
		};
		47E697EF19F745B40009E243 /* PBXContainerItemProxy */ = {
			isa = PBXContainerItemProxy;
			containerPortal = 47E697C719F745B30009E243 /* DTFoundation.xcodeproj */;
			proxyType = 2;
			remoteGlobalIDString = A7E383C2160DFEDB00CF72D6;
			remoteInfo = "DTHTMLParser (iOS)";
		};
		47E697F119F745B40009E243 /* PBXContainerItemProxy */ = {
			isa = PBXContainerItemProxy;
			containerPortal = 47E697C719F745B30009E243 /* DTFoundation.xcodeproj */;
			proxyType = 2;
			remoteGlobalIDString = 3D7CE547166613B60028D339;
			remoteInfo = "DTHTMLParser (Mac)";
		};
		47E697F319F745B40009E243 /* PBXContainerItemProxy */ = {
			isa = PBXContainerItemProxy;
			containerPortal = 47E697C719F745B30009E243 /* DTFoundation.xcodeproj */;
			proxyType = 2;
			remoteGlobalIDString = F88FF6801920A83300120808;
			remoteInfo = "DTProgressHUD (iOS)";
		};
		47E697F519F745B40009E243 /* PBXContainerItemProxy */ = {
			isa = PBXContainerItemProxy;
			containerPortal = 47E697C719F745B30009E243 /* DTFoundation.xcodeproj */;
			proxyType = 2;
			remoteGlobalIDString = A72121DA173BFFB1003C6F0A;
			remoteInfo = "DTReachability (iOS)";
		};
		47E697F719F745B40009E243 /* PBXContainerItemProxy */ = {
			isa = PBXContainerItemProxy;
			containerPortal = 47E697C719F745B30009E243 /* DTFoundation.xcodeproj */;
			proxyType = 2;
			remoteGlobalIDString = A72121EA173BFFED003C6F0A;
			remoteInfo = "DTReachability (Mac)";
		};
		47E697F919F745B40009E243 /* PBXContainerItemProxy */ = {
			isa = PBXContainerItemProxy;
			containerPortal = 47E697C719F745B30009E243 /* DTFoundation.xcodeproj */;
			proxyType = 2;
			remoteGlobalIDString = A7C92B7A174FB8900019D70A;
			remoteInfo = "DTSQLite (iOS)";
		};
		47E697FB19F745B40009E243 /* PBXContainerItemProxy */ = {
			isa = PBXContainerItemProxy;
			containerPortal = 47E697C719F745B30009E243 /* DTFoundation.xcodeproj */;
			proxyType = 2;
			remoteGlobalIDString = A7C92B8C174FB9720019D70A;
			remoteInfo = "DTSQLite (Mac)";
		};
		47E697FD19F745B40009E243 /* PBXContainerItemProxy */ = {
			isa = PBXContainerItemProxy;
			containerPortal = 47E697C719F745B30009E243 /* DTFoundation.xcodeproj */;
			proxyType = 2;
			remoteGlobalIDString = A78220BA168060CA005B602D;
			remoteInfo = "DTUTI (iOS)";
		};
		47E697FF19F745B40009E243 /* PBXContainerItemProxy */ = {
			isa = PBXContainerItemProxy;
			containerPortal = 47E697C719F745B30009E243 /* DTFoundation.xcodeproj */;
			proxyType = 2;
			remoteGlobalIDString = A7E889A416A9B190009EF0DF;
			remoteInfo = "DTUTI (Mac)";
		};
		47E6980119F745B40009E243 /* PBXContainerItemProxy */ = {
			isa = PBXContainerItemProxy;
			containerPortal = 47E697C719F745B30009E243 /* DTFoundation.xcodeproj */;
			proxyType = 2;
			remoteGlobalIDString = A7E383DA160DFF8600CF72D6;
			remoteInfo = "DTZipArchive (iOS)";
		};
		47E6980319F745B40009E243 /* PBXContainerItemProxy */ = {
			isa = PBXContainerItemProxy;
			containerPortal = 47E697C719F745B30009E243 /* DTFoundation.xcodeproj */;
			proxyType = 2;
			remoteGlobalIDString = A7D8C7C21723174600025675;
			remoteInfo = "DTZipArchive (Mac)";
		};
		47E6980519F745B40009E243 /* PBXContainerItemProxy */ = {
			isa = PBXContainerItemProxy;
			containerPortal = 47E697C719F745B30009E243 /* DTFoundation.xcodeproj */;
			proxyType = 2;
			remoteGlobalIDString = A78381C31963F8D700AF09D3;
			remoteInfo = "DTAnimatedGIF Demo";
		};
		47E6980719F745B40009E243 /* PBXContainerItemProxy */ = {
			isa = PBXContainerItemProxy;
			containerPortal = 47E697C719F745B30009E243 /* DTFoundation.xcodeproj */;
			proxyType = 2;
			remoteGlobalIDString = F88FF6A51920AAB600120808;
			remoteInfo = "DTProgressHUD Demo";
		};
		47E6980919F745B40009E243 /* PBXContainerItemProxy */ = {
			isa = PBXContainerItemProxy;
			containerPortal = 47E697C719F745B30009E243 /* DTFoundation.xcodeproj */;
			proxyType = 2;
			remoteGlobalIDString = A7D9D62D1758C89800C29B6F;
			remoteInfo = "DTReachability Demo";
		};
		47E6980B19F745B40009E243 /* PBXContainerItemProxy */ = {
			isa = PBXContainerItemProxy;
			containerPortal = 47E697C719F745B30009E243 /* DTFoundation.xcodeproj */;
			proxyType = 2;
			remoteGlobalIDString = A70D74D01743AFBC00E6E626;
			remoteInfo = "DTSidePanels Demo";
		};
		47E6980D19F745B40009E243 /* PBXContainerItemProxy */ = {
			isa = PBXContainerItemProxy;
			containerPortal = 47E697C719F745B30009E243 /* DTFoundation.xcodeproj */;
			proxyType = 2;
			remoteGlobalIDString = FAF37A2017AFDD93009AC27C;
			remoteInfo = "DTZipArchive Demo";
		};
		47E6980F19F745B40009E243 /* PBXContainerItemProxy */ = {
			isa = PBXContainerItemProxy;
			containerPortal = 47E697C719F745B30009E243 /* DTFoundation.xcodeproj */;
			proxyType = 2;
			remoteGlobalIDString = FAC284E619B84B5F0010C385;
			remoteInfo = "DTActionSheet Demo";
		};
		47E6981119F745B40009E243 /* PBXContainerItemProxy */ = {
			isa = PBXContainerItemProxy;
			containerPortal = 47E697C719F745B30009E243 /* DTFoundation.xcodeproj */;
			proxyType = 2;
			remoteGlobalIDString = A7917C77191A312600964D63;
			remoteInfo = "Unit Tests";
		};
		47E6981619F746540009E243 /* PBXContainerItemProxy */ = {
			isa = PBXContainerItemProxy;
			containerPortal = 47E697C719F745B30009E243 /* DTFoundation.xcodeproj */;
			proxyType = 1;
			remoteGlobalIDString = 3D7CE53D166613B60028D339;
			remoteInfo = "DTHTMLParser (Mac)";
		};
/* End PBXContainerItemProxy section */

/* Begin PBXCopyFilesBuildPhase section */
		47E6981519F745D90009E243 /* Copy Files */ = {
			isa = PBXCopyFilesBuildPhase;
			buildActionMask = 2147483647;
			dstPath = "";
			dstSubfolderSpec = 10;
			files = (
			);
			name = "Copy Files";
			runOnlyForDeploymentPostprocessing = 0;
		};
/* End PBXCopyFilesBuildPhase section */

/* Begin PBXFileReference section */
		4706457D185943E700EF8629 /* TZDebug.h */ = {isa = PBXFileReference; lastKnownFileType = sourcecode.c.h; name = TZDebug.h; path = TZWebContentParser/TZDebug.h; sourceTree = "<group>"; };
		47203AA01884411E002C6E22 /* TZTorrentQuery.h */ = {isa = PBXFileReference; fileEncoding = 4; lastKnownFileType = sourcecode.c.h; path = TZTorrentQuery.h; sourceTree = "<group>"; };
		47203AA11884411E002C6E22 /* TZTorrentQuery.m */ = {isa = PBXFileReference; fileEncoding = 4; lastKnownFileType = sourcecode.c.objc; path = TZTorrentQuery.m; sourceTree = "<group>"; };
		47203AA21884411E002C6E22 /* TZDownloadPages.h */ = {isa = PBXFileReference; fileEncoding = 4; lastKnownFileType = sourcecode.c.h; path = TZDownloadPages.h; sourceTree = "<group>"; };
		47203AA31884411E002C6E22 /* TZDownloadPages.m */ = {isa = PBXFileReference; fileEncoding = 4; lastKnownFileType = sourcecode.c.objc; path = TZDownloadPages.m; sourceTree = "<group>"; };
		472067981884AA8800C75B0E /* TZServerIndex.h */ = {isa = PBXFileReference; fileEncoding = 4; lastKnownFileType = sourcecode.c.h; path = TZServerIndex.h; sourceTree = "<group>"; };
		472067991884AA8800C75B0E /* TZServerIndex.m */ = {isa = PBXFileReference; fileEncoding = 4; lastKnownFileType = sourcecode.c.objc; path = TZServerIndex.m; sourceTree = "<group>"; };
		4736D745188C8EDA00128ED7 /* TZ_h33t_PageParser.h */ = {isa = PBXFileReference; fileEncoding = 4; lastKnownFileType = sourcecode.c.h; path = TZ_h33t_PageParser.h; sourceTree = "<group>"; };
		4736D746188C8EDA00128ED7 /* TZ_h33t_PageParser.m */ = {isa = PBXFileReference; fileEncoding = 4; lastKnownFileType = sourcecode.c.objc; path = TZ_h33t_PageParser.m; sourceTree = "<group>"; };
		47584EA018550258005BF727 /* TZWebContentParser.framework */ = {isa = PBXFileReference; explicitFileType = wrapper.framework; includeInIndex = 0; path = TZWebContentParser.framework; sourceTree = BUILT_PRODUCTS_DIR; };
		47584EA318550258005BF727 /* Cocoa.framework */ = {isa = PBXFileReference; lastKnownFileType = wrapper.framework; name = Cocoa.framework; path = System/Library/Frameworks/Cocoa.framework; sourceTree = SDKROOT; };
		47584EA618550258005BF727 /* Foundation.framework */ = {isa = PBXFileReference; lastKnownFileType = wrapper.framework; name = Foundation.framework; path = System/Library/Frameworks/Foundation.framework; sourceTree = SDKROOT; };
		47584EA718550258005BF727 /* CoreData.framework */ = {isa = PBXFileReference; lastKnownFileType = wrapper.framework; name = CoreData.framework; path = System/Library/Frameworks/CoreData.framework; sourceTree = SDKROOT; };
		47584EA818550258005BF727 /* AppKit.framework */ = {isa = PBXFileReference; lastKnownFileType = wrapper.framework; name = AppKit.framework; path = System/Library/Frameworks/AppKit.framework; sourceTree = SDKROOT; };
		47584EAB18550258005BF727 /* TZWebContentParser-Info.plist */ = {isa = PBXFileReference; lastKnownFileType = text.plist.xml; path = "TZWebContentParser-Info.plist"; sourceTree = "<group>"; };
		47584EAD18550258005BF727 /* en */ = {isa = PBXFileReference; lastKnownFileType = text.plist.strings; name = en; path = en.lproj/InfoPlist.strings; sourceTree = "<group>"; };
		47584EAF18550258005BF727 /* TZWebContentParser-Prefix.pch */ = {isa = PBXFileReference; lastKnownFileType = sourcecode.c.h; path = "TZWebContentParser-Prefix.pch"; sourceTree = "<group>"; };
		47584EB718550258005BF727 /* TZWebContentParserTests.xctest */ = {isa = PBXFileReference; explicitFileType = wrapper.cfbundle; includeInIndex = 0; path = TZWebContentParserTests.xctest; sourceTree = BUILT_PRODUCTS_DIR; };
		47584EB818550258005BF727 /* XCTest.framework */ = {isa = PBXFileReference; lastKnownFileType = wrapper.framework; name = XCTest.framework; path = Library/Frameworks/XCTest.framework; sourceTree = DEVELOPER_DIR; };
		47584EC018550258005BF727 /* TZWebContentParserTests-Info.plist */ = {isa = PBXFileReference; lastKnownFileType = text.plist.xml; path = "TZWebContentParserTests-Info.plist"; sourceTree = "<group>"; };
		47584EC218550258005BF727 /* en */ = {isa = PBXFileReference; lastKnownFileType = text.plist.strings; name = en; path = en.lproj/InfoPlist.strings; sourceTree = "<group>"; };
		47584EC418550258005BF727 /* TZWebContentParserTests.m */ = {isa = PBXFileReference; lastKnownFileType = sourcecode.c.objc; path = TZWebContentParserTests.m; sourceTree = "<group>"; };
		47584EE1185503C9005BF727 /* NSHTMLParser.h */ = {isa = PBXFileReference; fileEncoding = 4; lastKnownFileType = sourcecode.c.h; path = NSHTMLParser.h; sourceTree = "<group>"; };
		47584EE2185503C9005BF727 /* NSHTMLParser.m */ = {isa = PBXFileReference; fileEncoding = 4; lastKnownFileType = sourcecode.c.objc; path = NSHTMLParser.m; sourceTree = "<group>"; };
		47584EEB185503D8005BF727 /* TZHTMLParser.h */ = {isa = PBXFileReference; fileEncoding = 4; lastKnownFileType = sourcecode.c.h; path = TZHTMLParser.h; sourceTree = "<group>"; };
		47584EEC185503D8005BF727 /* TZHTMLParser.m */ = {isa = PBXFileReference; fileEncoding = 4; lastKnownFileType = sourcecode.c.objc; path = TZHTMLParser.m; sourceTree = "<group>"; };
		47584EED185503D8005BF727 /* TZXMLParser.h */ = {isa = PBXFileReference; fileEncoding = 4; lastKnownFileType = sourcecode.c.h; path = TZXMLParser.h; sourceTree = "<group>"; };
		47584EEE185503D8005BF727 /* TZXMLParser.m */ = {isa = PBXFileReference; fileEncoding = 4; lastKnownFileType = sourcecode.c.objc; path = TZXMLParser.m; sourceTree = "<group>"; };
		47584EF3185503E4005BF727 /* TZXmlRawParser.h */ = {isa = PBXFileReference; fileEncoding = 4; lastKnownFileType = sourcecode.c.h; path = TZXmlRawParser.h; sourceTree = "<group>"; };
		47584EF4185503E4005BF727 /* TZXmlRawParser.m */ = {isa = PBXFileReference; fileEncoding = 4; lastKnownFileType = sourcecode.c.objc; path = TZXmlRawParser.m; sourceTree = "<group>"; };
		47584EF5185503E4005BF727 /* TZXmlFeedParser.h */ = {isa = PBXFileReference; fileEncoding = 4; lastKnownFileType = sourcecode.c.h; path = TZXmlFeedParser.h; sourceTree = "<group>"; };
		47584EF6185503E4005BF727 /* TZXmlFeedParser.m */ = {isa = PBXFileReference; fileEncoding = 4; lastKnownFileType = sourcecode.c.objc; path = TZXmlFeedParser.m; sourceTree = "<group>"; };
		47584EFB185503EC005BF727 /* TZHtmlRawParser.h */ = {isa = PBXFileReference; fileEncoding = 4; lastKnownFileType = sourcecode.c.h; path = TZHtmlRawParser.h; sourceTree = "<group>"; };
		47584EFC185503EC005BF727 /* TZHtmlRawParser.m */ = {isa = PBXFileReference; fileEncoding = 4; lastKnownFileType = sourcecode.c.objc; path = TZHtmlRawParser.m; sourceTree = "<group>"; };
		47584EFD185503EC005BF727 /* TZServerIndexParser.h */ = {isa = PBXFileReference; fileEncoding = 4; lastKnownFileType = sourcecode.c.h; path = TZServerIndexParser.h; sourceTree = "<group>"; };
		47584EFE185503EC005BF727 /* TZServerIndexParser.m */ = {isa = PBXFileReference; fileEncoding = 4; lastKnownFileType = sourcecode.c.objc; path = TZServerIndexParser.m; sourceTree = "<group>"; };
		47584EFF185503EC005BF727 /* TZDownloadPageParser.h */ = {isa = PBXFileReference; fileEncoding = 4; lastKnownFileType = sourcecode.c.h; path = TZDownloadPageParser.h; sourceTree = "<group>"; };
		47584F00185503EC005BF727 /* TZDownloadPageParser.m */ = {isa = PBXFileReference; fileEncoding = 4; lastKnownFileType = sourcecode.c.objc; path = TZDownloadPageParser.m; sourceTree = "<group>"; };
		47584F0718550401005BF727 /* TZ_bitsnoop_PageParser.h */ = {isa = PBXFileReference; fileEncoding = 4; lastKnownFileType = sourcecode.c.h; path = TZ_bitsnoop_PageParser.h; sourceTree = "<group>"; };
		47584F0818550401005BF727 /* TZ_bitsnoop_PageParser.m */ = {isa = PBXFileReference; fileEncoding = 4; lastKnownFileType = sourcecode.c.objc; path = TZ_bitsnoop_PageParser.m; sourceTree = "<group>"; };
		47584F0918550401005BF727 /* TZ_torrentdownloads_PageParser.h */ = {isa = PBXFileReference; fileEncoding = 4; lastKnownFileType = sourcecode.c.h; path = TZ_torrentdownloads_PageParser.h; sourceTree = "<group>"; };
		47584F0A18550401005BF727 /* TZ_torrentdownloads_PageParser.m */ = {isa = PBXFileReference; fileEncoding = 4; lastKnownFileType = sourcecode.c.objc; path = TZ_torrentdownloads_PageParser.m; sourceTree = "<group>"; };
		47584F0B18550401005BF727 /* TZ_monova_PageParser.h */ = {isa = PBXFileReference; fileEncoding = 4; lastKnownFileType = sourcecode.c.h; path = TZ_monova_PageParser.h; sourceTree = "<group>"; };
		47584F0C18550401005BF727 /* TZ_monova_PageParser.m */ = {isa = PBXFileReference; fileEncoding = 4; lastKnownFileType = sourcecode.c.objc; path = TZ_monova_PageParser.m; sourceTree = "<group>"; };
		47584F0D18550401005BF727 /* TZ_torrentcrazy_PageParser.h */ = {isa = PBXFileReference; fileEncoding = 4; lastKnownFileType = sourcecode.c.h; path = TZ_torrentcrazy_PageParser.h; sourceTree = "<group>"; };
		47584F0E18550401005BF727 /* TZ_torrentcrazy_PageParser.m */ = {isa = PBXFileReference; fileEncoding = 4; lastKnownFileType = sourcecode.c.objc; path = TZ_torrentcrazy_PageParser.m; sourceTree = "<group>"; };
		47584F0F18550401005BF727 /* TZ_torrentreactor_PageParser.h */ = {isa = PBXFileReference; fileEncoding = 4; lastKnownFileType = sourcecode.c.h; path = TZ_torrentreactor_PageParser.h; sourceTree = "<group>"; };
		47584F1018550401005BF727 /* TZ_torrentreactor_PageParser.m */ = {isa = PBXFileReference; fileEncoding = 4; lastKnownFileType = sourcecode.c.objc; path = TZ_torrentreactor_PageParser.m; sourceTree = "<group>"; };
		47584F1118550401005BF727 /* TZ_torrenthound_PageParser.h */ = {isa = PBXFileReference; fileEncoding = 4; lastKnownFileType = sourcecode.c.h; path = TZ_torrenthound_PageParser.h; sourceTree = "<group>"; };
		47584F1218550401005BF727 /* TZ_torrenthound_PageParser.m */ = {isa = PBXFileReference; fileEncoding = 4; lastKnownFileType = sourcecode.c.objc; path = TZ_torrenthound_PageParser.m; sourceTree = "<group>"; };
		47584F1318550401005BF727 /* TZ_kickass_PageParser.h */ = {isa = PBXFileReference; fileEncoding = 4; lastKnownFileType = sourcecode.c.h; path = TZ_kickass_PageParser.h; sourceTree = "<group>"; };
		47584F1418550401005BF727 /* TZ_kickass_PageParser.m */ = {isa = PBXFileReference; fileEncoding = 4; lastKnownFileType = sourcecode.c.objc; path = TZ_kickass_PageParser.m; sourceTree = "<group>"; };
		47584F1518550401005BF727 /* TZ_torrentfunk_PageParser.h */ = {isa = PBXFileReference; fileEncoding = 4; lastKnownFileType = sourcecode.c.h; path = TZ_torrentfunk_PageParser.h; sourceTree = "<group>"; };
		47584F1618550401005BF727 /* TZ_torrentfunk_PageParser.m */ = {isa = PBXFileReference; fileEncoding = 4; lastKnownFileType = sourcecode.c.objc; path = TZ_torrentfunk_PageParser.m; sourceTree = "<group>"; };
		47584F1718550401005BF727 /* TZ_seedpeer_PageParser.h */ = {isa = PBXFileReference; fileEncoding = 4; lastKnownFileType = sourcecode.c.h; path = TZ_seedpeer_PageParser.h; sourceTree = "<group>"; };
		47584F1818550401005BF727 /* TZ_seedpeer_PageParser.m */ = {isa = PBXFileReference; fileEncoding = 4; lastKnownFileType = sourcecode.c.objc; path = TZ_seedpeer_PageParser.m; sourceTree = "<group>"; };
		47584F1918550401005BF727 /* TZ_yourbittorrent_PageParser.h */ = {isa = PBXFileReference; fileEncoding = 4; lastKnownFileType = sourcecode.c.h; path = TZ_yourbittorrent_PageParser.h; sourceTree = "<group>"; };
		47584F1A18550401005BF727 /* TZ_yourbittorrent_PageParser.m */ = {isa = PBXFileReference; fileEncoding = 4; lastKnownFileType = sourcecode.c.objc; path = TZ_yourbittorrent_PageParser.m; sourceTree = "<group>"; };
		47584F1B18550401005BF727 /* TZ_torrents_PageParser.h */ = {isa = PBXFileReference; fileEncoding = 4; lastKnownFileType = sourcecode.c.h; path = TZ_torrents_PageParser.h; sourceTree = "<group>"; };
		47584F1C18550401005BF727 /* TZ_torrents_PageParser.m */ = {isa = PBXFileReference; fileEncoding = 4; lastKnownFileType = sourcecode.c.objc; path = TZ_torrents_PageParser.m; sourceTree = "<group>"; };
		47584F1D18550401005BF727 /* TZ_fulldls_PageParser.h */ = {isa = PBXFileReference; fileEncoding = 4; lastKnownFileType = sourcecode.c.h; path = TZ_fulldls_PageParser.h; sourceTree = "<group>"; };
		47584F1E18550401005BF727 /* TZ_fulldls_PageParser.m */ = {isa = PBXFileReference; fileEncoding = 4; lastKnownFileType = sourcecode.c.objc; path = TZ_fulldls_PageParser.m; sourceTree = "<group>"; };
		47584F1F18550401005BF727 /* TZ_limetorrents_PageParser.h */ = {isa = PBXFileReference; fileEncoding = 4; lastKnownFileType = sourcecode.c.h; path = TZ_limetorrents_PageParser.h; sourceTree = "<group>"; };
		47584F2018550401005BF727 /* TZ_limetorrents_PageParser.m */ = {isa = PBXFileReference; fileEncoding = 4; lastKnownFileType = sourcecode.c.objc; path = TZ_limetorrents_PageParser.m; sourceTree = "<group>"; };
		47584F2118550401005BF727 /* TZ_archive_PageParser.h */ = {isa = PBXFileReference; fileEncoding = 4; lastKnownFileType = sourcecode.c.h; path = TZ_archive_PageParser.h; sourceTree = "<group>"; };
		47584F2218550401005BF727 /* TZ_archive_PageParser.m */ = {isa = PBXFileReference; fileEncoding = 4; lastKnownFileType = sourcecode.c.objc; path = TZ_archive_PageParser.m; sourceTree = "<group>"; };
		47584F2318550401005BF727 /* TZ_thepiratebay_PageParser.h */ = {isa = PBXFileReference; fileEncoding = 4; lastKnownFileType = sourcecode.c.h; path = TZ_thepiratebay_PageParser.h; sourceTree = "<group>"; };
		47584F2418550401005BF727 /* TZ_thepiratebay_PageParser.m */ = {isa = PBXFileReference; fileEncoding = 4; lastKnownFileType = sourcecode.c.objc; path = TZ_thepiratebay_PageParser.m; sourceTree = "<group>"; };
		47584F2518550401005BF727 /* TZ_torrentzap_PageParser.h */ = {isa = PBXFileReference; fileEncoding = 4; lastKnownFileType = sourcecode.c.h; path = TZ_torrentzap_PageParser.h; sourceTree = "<group>"; };
		47584F2618550401005BF727 /* TZ_torrentzap_PageParser.m */ = {isa = PBXFileReference; fileEncoding = 4; lastKnownFileType = sourcecode.c.objc; path = TZ_torrentzap_PageParser.m; sourceTree = "<group>"; };
		47584F2718550401005BF727 /* TZ_extratorrent_PageParser.h */ = {isa = PBXFileReference; fileEncoding = 4; lastKnownFileType = sourcecode.c.h; path = TZ_extratorrent_PageParser.h; sourceTree = "<group>"; };
		47584F2818550401005BF727 /* TZ_extratorrent_PageParser.m */ = {isa = PBXFileReference; fileEncoding = 4; lastKnownFileType = sourcecode.c.objc; path = TZ_extratorrent_PageParser.m; sourceTree = "<group>"; };
		47584F2918550401005BF727 /* TZ_torlock_PageParser.h */ = {isa = PBXFileReference; fileEncoding = 4; lastKnownFileType = sourcecode.c.h; path = TZ_torlock_PageParser.h; sourceTree = "<group>"; };
		47584F2A18550401005BF727 /* TZ_torlock_PageParser.m */ = {isa = PBXFileReference; fileEncoding = 4; lastKnownFileType = sourcecode.c.objc; path = TZ_torlock_PageParser.m; sourceTree = "<group>"; };
		47584F2B18550401005BF727 /* TZ_vertor_PageParser.h */ = {isa = PBXFileReference; fileEncoding = 4; lastKnownFileType = sourcecode.c.h; path = TZ_vertor_PageParser.h; sourceTree = "<group>"; };
		47584F2C18550401005BF727 /* TZ_vertor_PageParser.m */ = {isa = PBXFileReference; fileEncoding = 4; lastKnownFileType = sourcecode.c.objc; path = TZ_vertor_PageParser.m; sourceTree = "<group>"; };
		47584F2D18550401005BF727 /* TZ_1337x_PageParser.h */ = {isa = PBXFileReference; fileEncoding = 4; lastKnownFileType = sourcecode.c.h; path = TZ_1337x_PageParser.h; sourceTree = "<group>"; };
		47584F2E18550401005BF727 /* TZ_1337x_PageParser.m */ = {isa = PBXFileReference; fileEncoding = 4; lastKnownFileType = sourcecode.c.objc; path = TZ_1337x_PageParser.m; sourceTree = "<group>"; };
		47584F2F18550401005BF727 /* TZ_torrentbit_PageParser.h */ = {isa = PBXFileReference; fileEncoding = 4; lastKnownFileType = sourcecode.c.h; path = TZ_torrentbit_PageParser.h; sourceTree = "<group>"; };
		47584F3018550401005BF727 /* TZ_torrentbit_PageParser.m */ = {isa = PBXFileReference; fileEncoding = 4; lastKnownFileType = sourcecode.c.objc; path = TZ_torrentbit_PageParser.m; sourceTree = "<group>"; };
		47584F3118550401005BF727 /* TZ_rarbg_PageParser.h */ = {isa = PBXFileReference; fileEncoding = 4; lastKnownFileType = sourcecode.c.h; path = TZ_rarbg_PageParser.h; sourceTree = "<group>"; };
		47584F3218550401005BF727 /* TZ_rarbg_PageParser.m */ = {isa = PBXFileReference; fileEncoding = 4; lastKnownFileType = sourcecode.c.objc; path = TZ_rarbg_PageParser.m; sourceTree = "<group>"; };
		47584F3318550401005BF727 /* TZ_newtorrents_PageParser.h */ = {isa = PBXFileReference; fileEncoding = 4; lastKnownFileType = sourcecode.c.h; path = TZ_newtorrents_PageParser.h; sourceTree = "<group>"; };
		47584F3418550401005BF727 /* TZ_newtorrents_PageParser.m */ = {isa = PBXFileReference; fileEncoding = 4; lastKnownFileType = sourcecode.c.objc; path = TZ_newtorrents_PageParser.m; sourceTree = "<group>"; };
		47584F3518550401005BF727 /* TZ_bt_chat_PageParser.h */ = {isa = PBXFileReference; fileEncoding = 4; lastKnownFileType = sourcecode.c.h; path = TZ_bt_chat_PageParser.h; sourceTree = "<group>"; };
		47584F3618550401005BF727 /* TZ_bt_chat_PageParser.m */ = {isa = PBXFileReference; fileEncoding = 4; lastKnownFileType = sourcecode.c.objc; path = TZ_bt_chat_PageParser.m; sourceTree = "<group>"; };
		47584F3718550401005BF727 /* TZ_publichd_PageParser.h */ = {isa = PBXFileReference; fileEncoding = 4; lastKnownFileType = sourcecode.c.h; path = TZ_publichd_PageParser.h; sourceTree = "<group>"; };
		47584F3818550401005BF727 /* TZ_publichd_PageParser.m */ = {isa = PBXFileReference; fileEncoding = 4; lastKnownFileType = sourcecode.c.objc; path = TZ_publichd_PageParser.m; sourceTree = "<group>"; };
		47584F3918550401005BF727 /* TZ_eztv_PageParser.h */ = {isa = PBXFileReference; fileEncoding = 4; lastKnownFileType = sourcecode.c.h; path = TZ_eztv_PageParser.h; sourceTree = "<group>"; };
		47584F3A18550401005BF727 /* TZ_eztv_PageParser.m */ = {isa = PBXFileReference; fileEncoding = 4; lastKnownFileType = sourcecode.c.objc; path = TZ_eztv_PageParser.m; sourceTree = "<group>"; };
		47584F3B18550401005BF727 /* TZ_linuxtracker_PageParser.h */ = {isa = PBXFileReference; fileEncoding = 4; lastKnownFileType = sourcecode.c.h; path = TZ_linuxtracker_PageParser.h; sourceTree = "<group>"; };
		47584F3C18550401005BF727 /* TZ_linuxtracker_PageParser.m */ = {isa = PBXFileReference; fileEncoding = 4; lastKnownFileType = sourcecode.c.objc; path = TZ_linuxtracker_PageParser.m; sourceTree = "<group>"; };
		47584F7318550439005BF727 /* TZWebContent.h */ = {isa = PBXFileReference; fileEncoding = 4; lastKnownFileType = sourcecode.c.h; path = TZWebContent.h; sourceTree = "<group>"; };
		47584F7418550439005BF727 /* TZWebContent.m */ = {isa = PBXFileReference; fileEncoding = 4; lastKnownFileType = sourcecode.c.objc; path = TZWebContent.m; sourceTree = "<group>"; };
		47584F7518550439005BF727 /* TZWebContentParser.h */ = {isa = PBXFileReference; fileEncoding = 4; lastKnownFileType = sourcecode.c.h; path = TZWebContentParser.h; sourceTree = "<group>"; };
		47584F7618550439005BF727 /* TZWebContentParser.m */ = {isa = PBXFileReference; fileEncoding = 4; lastKnownFileType = sourcecode.c.objc; path = TZWebContentParser.m; sourceTree = "<group>"; };
		47584F7718550439005BF727 /* TZPageLoader.h */ = {isa = PBXFileReference; fileEncoding = 4; lastKnownFileType = sourcecode.c.h; path = TZPageLoader.h; sourceTree = "<group>"; };
		47584F7818550439005BF727 /* TZPageLoader.m */ = {isa = PBXFileReference; fileEncoding = 4; lastKnownFileType = sourcecode.c.objc; path = TZPageLoader.m; sourceTree = "<group>"; };
		47584F7F1855045B005BF727 /* TZTorrentzOperation.h */ = {isa = PBXFileReference; fileEncoding = 4; lastKnownFileType = sourcecode.c.h; path = TZTorrentzOperation.h; sourceTree = "<group>"; };
		47584F801855045B005BF727 /* TZTorrentzOperation.m */ = {isa = PBXFileReference; fileEncoding = 4; lastKnownFileType = sourcecode.c.objc; path = TZTorrentzOperation.m; sourceTree = "<group>"; };
		47584F8318550C4F005BF727 /* TZTorrentSitesParser.h */ = {isa = PBXFileReference; lastKnownFileType = sourcecode.c.h; path = TZTorrentSitesParser.h; sourceTree = "<group>"; };
		47E697C719F745B30009E243 /* DTFoundation.xcodeproj */ = {isa = PBXFileReference; lastKnownFileType = "wrapper.pb-project"; name = DTFoundation.xcodeproj; path = DTFoundation/DTFoundation.xcodeproj; sourceTree = "<group>"; };
		47E6981B19F74AFF0009E243 /* DTHTMLParser.h */ = {isa = PBXFileReference; fileEncoding = 4; lastKnownFileType = sourcecode.c.h; name = DTHTMLParser.h; path = ../../../DTFoundation/Core/Source/DTHTMLParser/DTHTMLParser.h; sourceTree = "<group>"; };
		47E6981D19F74B130009E243 /* DTWeakSupport.h */ = {isa = PBXFileReference; fileEncoding = 4; lastKnownFileType = sourcecode.c.h; name = DTWeakSupport.h; path = ../../../DTFoundation/Core/Source/DTWeakSupport.h; sourceTree = "<group>"; };
		47E6981F19F74C4D0009E243 /* libxml2.dylib */ = {isa = PBXFileReference; lastKnownFileType = "compiled.mach-o.dylib"; name = libxml2.dylib; path = usr/lib/libxml2.dylib; sourceTree = SDKROOT; };
/* End PBXFileReference section */

/* Begin PBXFrameworksBuildPhase section */
		47584E9C18550258005BF727 /* Frameworks */ = {
			isa = PBXFrameworksBuildPhase;
			buildActionMask = 2147483647;
			files = (
				47E6982019F74C4D0009E243 /* libxml2.dylib in Frameworks */,
				47E6981819F7465B0009E243 /* libDTHTMLParser_Mac.a in Frameworks */,
				47584EA418550258005BF727 /* Cocoa.framework in Frameworks */,
			);
			runOnlyForDeploymentPostprocessing = 0;
		};
		47584EB418550258005BF727 /* Frameworks */ = {
			isa = PBXFrameworksBuildPhase;
			buildActionMask = 2147483647;
			files = (
				47584EBA18550258005BF727 /* Cocoa.framework in Frameworks */,
				47584EB918550258005BF727 /* XCTest.framework in Frameworks */,
				47584EBD18550258005BF727 /* TZWebContentParser.framework in Frameworks */,
			);
			runOnlyForDeploymentPostprocessing = 0;
		};
/* End PBXFrameworksBuildPhase section */

/* Begin PBXGroup section */
		47584E9618550258005BF727 = {
			isa = PBXGroup;
			children = (
				47E697C719F745B30009E243 /* DTFoundation.xcodeproj */,
				47584EA918550258005BF727 /* TZWebContentParser */,
				4706457D185943E700EF8629 /* TZDebug.h */,
				47584EBE18550258005BF727 /* TZWebContentParserTests */,
				47584EA218550258005BF727 /* Frameworks */,
				47584EA118550258005BF727 /* Products */,
			);
			sourceTree = "<group>";
		};
		47584EA118550258005BF727 /* Products */ = {
			isa = PBXGroup;
			children = (
				47584EA018550258005BF727 /* TZWebContentParser.framework */,
				47584EB718550258005BF727 /* TZWebContentParserTests.xctest */,
			);
			name = Products;
			sourceTree = "<group>";
		};
		47584EA218550258005BF727 /* Frameworks */ = {
			isa = PBXGroup;
			children = (
				47E6981F19F74C4D0009E243 /* libxml2.dylib */,
				47584EA318550258005BF727 /* Cocoa.framework */,
				47584EB818550258005BF727 /* XCTest.framework */,
				47584EA518550258005BF727 /* Other Frameworks */,
			);
			name = Frameworks;
			sourceTree = "<group>";
		};
		47584EA518550258005BF727 /* Other Frameworks */ = {
			isa = PBXGroup;
			children = (
				47584EA618550258005BF727 /* Foundation.framework */,
				47584EA718550258005BF727 /* CoreData.framework */,
				47584EA818550258005BF727 /* AppKit.framework */,
			);
			name = "Other Frameworks";
			sourceTree = "<group>";
		};
		47584EA918550258005BF727 /* TZWebContentParser */ = {
			isa = PBXGroup;
			children = (
				47E6981A19F7482D0009E243 /* Classes */,
				47584EAA18550258005BF727 /* Supporting Files */,
			);
			path = TZWebContentParser;
			sourceTree = "<group>";
		};
		47584EAA18550258005BF727 /* Supporting Files */ = {
			isa = PBXGroup;
			children = (
				47584EAB18550258005BF727 /* TZWebContentParser-Info.plist */,
				47584EAC18550258005BF727 /* InfoPlist.strings */,
				47584EAF18550258005BF727 /* TZWebContentParser-Prefix.pch */,
			);
			name = "Supporting Files";
			sourceTree = "<group>";
		};
		47584EBE18550258005BF727 /* TZWebContentParserTests */ = {
			isa = PBXGroup;
			children = (
				47584EC418550258005BF727 /* TZWebContentParserTests.m */,
				47584EBF18550258005BF727 /* Supporting Files */,
			);
			path = TZWebContentParserTests;
			sourceTree = "<group>";
		};
		47584EBF18550258005BF727 /* Supporting Files */ = {
			isa = PBXGroup;
			children = (
				47584EC018550258005BF727 /* TZWebContentParserTests-Info.plist */,
				47584EC118550258005BF727 /* InfoPlist.strings */,
			);
			name = "Supporting Files";
			sourceTree = "<group>";
		};
		47584EDB18550370005BF727 /* NSHTMLParser */ = {
			isa = PBXGroup;
			children = (
				47E6981D19F74B130009E243 /* DTWeakSupport.h */,
				47E6981B19F74AFF0009E243 /* DTHTMLParser.h */,
				47584EE1185503C9005BF727 /* NSHTMLParser.h */,
				47584EE2185503C9005BF727 /* NSHTMLParser.m */,
			);
			path = NSHTMLParser;
			sourceTree = "<group>";
		};
		47584EDD18550389005BF727 /* XMLParser */ = {
			isa = PBXGroup;
			children = (
				47584EF3185503E4005BF727 /* TZXmlRawParser.h */,
				47584EF4185503E4005BF727 /* TZXmlRawParser.m */,
				47584EF5185503E4005BF727 /* TZXmlFeedParser.h */,
				47584EF6185503E4005BF727 /* TZXmlFeedParser.m */,
			);
			path = XMLParser;
			sourceTree = "<group>";
		};
		47584EDF1855039F005BF727 /* HTMLParser */ = {
			isa = PBXGroup;
			children = (
				47584EFB185503EC005BF727 /* TZHtmlRawParser.h */,
				47584EFC185503EC005BF727 /* TZHtmlRawParser.m */,
				47584EFD185503EC005BF727 /* TZServerIndexParser.h */,
				47584EFE185503EC005BF727 /* TZServerIndexParser.m */,
				47584EFF185503EC005BF727 /* TZDownloadPageParser.h */,
				47584F00185503EC005BF727 /* TZDownloadPageParser.m */,
				47584EE0185503A9005BF727 /* TorrentSites */,
			);
			path = HTMLParser;
			sourceTree = "<group>";
		};
		47584EE0185503A9005BF727 /* TorrentSites */ = {
			isa = PBXGroup;
			children = (
				47584F8318550C4F005BF727 /* TZTorrentSitesParser.h */,
				47584F0718550401005BF727 /* TZ_bitsnoop_PageParser.h */,
				47584F0818550401005BF727 /* TZ_bitsnoop_PageParser.m */,
				47584F0918550401005BF727 /* TZ_torrentdownloads_PageParser.h */,
				47584F0A18550401005BF727 /* TZ_torrentdownloads_PageParser.m */,
				47584F0B18550401005BF727 /* TZ_monova_PageParser.h */,
				47584F0C18550401005BF727 /* TZ_monova_PageParser.m */,
				47584F0D18550401005BF727 /* TZ_torrentcrazy_PageParser.h */,
				47584F0E18550401005BF727 /* TZ_torrentcrazy_PageParser.m */,
				47584F0F18550401005BF727 /* TZ_torrentreactor_PageParser.h */,
				47584F1018550401005BF727 /* TZ_torrentreactor_PageParser.m */,
				47584F1118550401005BF727 /* TZ_torrenthound_PageParser.h */,
				47584F1218550401005BF727 /* TZ_torrenthound_PageParser.m */,
				47584F1318550401005BF727 /* TZ_kickass_PageParser.h */,
				47584F1418550401005BF727 /* TZ_kickass_PageParser.m */,
				47584F1518550401005BF727 /* TZ_torrentfunk_PageParser.h */,
				47584F1618550401005BF727 /* TZ_torrentfunk_PageParser.m */,
				47584F1718550401005BF727 /* TZ_seedpeer_PageParser.h */,
				47584F1818550401005BF727 /* TZ_seedpeer_PageParser.m */,
				47584F1918550401005BF727 /* TZ_yourbittorrent_PageParser.h */,
				47584F1A18550401005BF727 /* TZ_yourbittorrent_PageParser.m */,
				47584F1B18550401005BF727 /* TZ_torrents_PageParser.h */,
				47584F1C18550401005BF727 /* TZ_torrents_PageParser.m */,
				47584F1D18550401005BF727 /* TZ_fulldls_PageParser.h */,
				47584F1E18550401005BF727 /* TZ_fulldls_PageParser.m */,
				47584F1F18550401005BF727 /* TZ_limetorrents_PageParser.h */,
				47584F2018550401005BF727 /* TZ_limetorrents_PageParser.m */,
				47584F2118550401005BF727 /* TZ_archive_PageParser.h */,
				47584F2218550401005BF727 /* TZ_archive_PageParser.m */,
				47584F2318550401005BF727 /* TZ_thepiratebay_PageParser.h */,
				47584F2418550401005BF727 /* TZ_thepiratebay_PageParser.m */,
				47584F2518550401005BF727 /* TZ_torrentzap_PageParser.h */,
				47584F2618550401005BF727 /* TZ_torrentzap_PageParser.m */,
				47584F2718550401005BF727 /* TZ_extratorrent_PageParser.h */,
				47584F2818550401005BF727 /* TZ_extratorrent_PageParser.m */,
				47584F2918550401005BF727 /* TZ_torlock_PageParser.h */,
				47584F2A18550401005BF727 /* TZ_torlock_PageParser.m */,
				47584F2B18550401005BF727 /* TZ_vertor_PageParser.h */,
				47584F2C18550401005BF727 /* TZ_vertor_PageParser.m */,
				47584F2D18550401005BF727 /* TZ_1337x_PageParser.h */,
				47584F2E18550401005BF727 /* TZ_1337x_PageParser.m */,
				47584F2F18550401005BF727 /* TZ_torrentbit_PageParser.h */,
				47584F3018550401005BF727 /* TZ_torrentbit_PageParser.m */,
				47584F3118550401005BF727 /* TZ_rarbg_PageParser.h */,
				47584F3218550401005BF727 /* TZ_rarbg_PageParser.m */,
				47584F3318550401005BF727 /* TZ_newtorrents_PageParser.h */,
				47584F3418550401005BF727 /* TZ_newtorrents_PageParser.m */,
				47584F3518550401005BF727 /* TZ_bt_chat_PageParser.h */,
				47584F3618550401005BF727 /* TZ_bt_chat_PageParser.m */,
				47584F3718550401005BF727 /* TZ_publichd_PageParser.h */,
				47584F3818550401005BF727 /* TZ_publichd_PageParser.m */,
				47584F3918550401005BF727 /* TZ_eztv_PageParser.h */,
				47584F3A18550401005BF727 /* TZ_eztv_PageParser.m */,
				47584F3B18550401005BF727 /* TZ_linuxtracker_PageParser.h */,
				47584F3C18550401005BF727 /* TZ_linuxtracker_PageParser.m */,
				4736D745188C8EDA00128ED7 /* TZ_h33t_PageParser.h */,
				4736D746188C8EDA00128ED7 /* TZ_h33t_PageParser.m */,
			);
			path = TorrentSites;
			sourceTree = "<group>";
		};
		47E697C819F745B30009E243 /* Products */ = {
			isa = PBXGroup;
			children = (
				47E697E419F745B40009E243 /* DTFoundation.framework */,
				47E697E619F745B40009E243 /* libDTFoundation.a */,
				47E697E819F745B40009E243 /* libDTFoundation_Mac.a */,
				47E697EA19F745B40009E243 /* libDTAnimatedGIF.a */,
				47E697EC19F745B40009E243 /* libDTAWS.a */,
				47E697EE19F745B40009E243 /* libDTASN1.a */,
				47E697F019F745B40009E243 /* libDTHTMLParser_iOS.a */,
				47E697F219F745B40009E243 /* libDTHTMLParser_Mac.a */,
				47E697F419F745B40009E243 /* libDTProgressHUD_iOS.a */,
				47E697F619F745B40009E243 /* libDTReachability_iOS.a */,
				47E697F819F745B40009E243 /* libDTReachability_Mac.a */,
				47E697FA19F745B40009E243 /* libDTSQLite_iOS.a */,
				47E697FC19F745B40009E243 /* libDTSQLite_Mac.a */,
				47E697FE19F745B40009E243 /* libDTUTI_iOS.a */,
				47E6980019F745B40009E243 /* libDTUTI_Mac.a */,
				47E6980219F745B40009E243 /* libDTZipArchive_iOS.a */,
				47E6980419F745B40009E243 /* libDTZipArchive_Mac.a */,
				47E6980619F745B40009E243 /* DTAnimatedGIF Demo.app */,
				47E6980819F745B40009E243 /* DTProgressHUD Demo.app */,
				47E6980A19F745B40009E243 /* DTReachability Demo.app */,
				47E6980C19F745B40009E243 /* DTSidePanels Demo.app */,
				47E6980E19F745B40009E243 /* DTZipArchive.app */,
				47E6981019F745B40009E243 /* DTActionSheet Demo.app */,
				47E6981219F745B40009E243 /* Unit Tests.xctest */,
			);
			name = Products;
			sourceTree = "<group>";
		};
		47E6981A19F7482D0009E243 /* Classes */ = {
			isa = PBXGroup;
			children = (
				47584F7F1855045B005BF727 /* TZTorrentzOperation.h */,
				47584F801855045B005BF727 /* TZTorrentzOperation.m */,
				47203AA01884411E002C6E22 /* TZTorrentQuery.h */,
				47203AA11884411E002C6E22 /* TZTorrentQuery.m */,
				47203AA21884411E002C6E22 /* TZDownloadPages.h */,
				47203AA31884411E002C6E22 /* TZDownloadPages.m */,
				472067981884AA8800C75B0E /* TZServerIndex.h */,
				472067991884AA8800C75B0E /* TZServerIndex.m */,
				47584F7318550439005BF727 /* TZWebContent.h */,
				47584F7418550439005BF727 /* TZWebContent.m */,
				47584F7518550439005BF727 /* TZWebContentParser.h */,
				47584F7618550439005BF727 /* TZWebContentParser.m */,
				47584F7718550439005BF727 /* TZPageLoader.h */,
				47584F7818550439005BF727 /* TZPageLoader.m */,
				47584EEB185503D8005BF727 /* TZHTMLParser.h */,
				47584EEC185503D8005BF727 /* TZHTMLParser.m */,
				47584EED185503D8005BF727 /* TZXMLParser.h */,
				47584EEE185503D8005BF727 /* TZXMLParser.m */,
				47584EDB18550370005BF727 /* NSHTMLParser */,
				47584EDF1855039F005BF727 /* HTMLParser */,
				47584EDD18550389005BF727 /* XMLParser */,
			);
			path = Classes;
			sourceTree = "<group>";
		};
/* End PBXGroup section */

/* Begin PBXHeadersBuildPhase section */
		47584E9D18550258005BF727 /* Headers */ = {
			isa = PBXHeadersBuildPhase;
			buildActionMask = 2147483647;
			files = (
				47584F6518550401005BF727 /* TZ_torrentbit_PageParser.h in Headers */,
				47584F5D18550401005BF727 /* TZ_extratorrent_PageParser.h in Headers */,
				47584EEF185503D8005BF727 /* TZHTMLParser.h in Headers */,
				47584F01185503EC005BF727 /* TZHtmlRawParser.h in Headers */,
				47584F4F18550401005BF727 /* TZ_yourbittorrent_PageParser.h in Headers */,
				47584F7918550439005BF727 /* TZWebContent.h in Headers */,
				47584F4918550401005BF727 /* TZ_kickass_PageParser.h in Headers */,
				47584F5518550401005BF727 /* TZ_limetorrents_PageParser.h in Headers */,
				47584EF7185503E4005BF727 /* TZXmlRawParser.h in Headers */,
				47584F5918550401005BF727 /* TZ_thepiratebay_PageParser.h in Headers */,
				47E6981C19F74AFF0009E243 /* DTHTMLParser.h in Headers */,
				47584F6D18550401005BF727 /* TZ_publichd_PageParser.h in Headers */,
				4706457F1859447C00EF8629 /* TZDebug.h in Headers */,
				47E6981E19F74B130009E243 /* DTWeakSupport.h in Headers */,
				47584F811855045B005BF727 /* TZTorrentzOperation.h in Headers */,
				47584F6318550401005BF727 /* TZ_1337x_PageParser.h in Headers */,
				47584F4D18550401005BF727 /* TZ_seedpeer_PageParser.h in Headers */,
				47584F4718550401005BF727 /* TZ_torrenthound_PageParser.h in Headers */,
				47584EF1185503D8005BF727 /* TZXMLParser.h in Headers */,
				47584F4B18550401005BF727 /* TZ_torrentfunk_PageParser.h in Headers */,
				47584F6718550401005BF727 /* TZ_rarbg_PageParser.h in Headers */,
				47584F03185503EC005BF727 /* TZServerIndexParser.h in Headers */,
				47584F5318550401005BF727 /* TZ_fulldls_PageParser.h in Headers */,
				47203AA61884411E002C6E22 /* TZDownloadPages.h in Headers */,
				4706457E1859447500EF8629 /* TZTorrentSitesParser.h in Headers */,
				47584F5718550401005BF727 /* TZ_archive_PageParser.h in Headers */,
				47203AA41884411E002C6E22 /* TZTorrentQuery.h in Headers */,
				47584F6918550401005BF727 /* TZ_newtorrents_PageParser.h in Headers */,
				47584F6F18550401005BF727 /* TZ_eztv_PageParser.h in Headers */,
				4736D747188C8EDA00128ED7 /* TZ_h33t_PageParser.h in Headers */,
				47584F6118550401005BF727 /* TZ_vertor_PageParser.h in Headers */,
				47584F3F18550401005BF727 /* TZ_torrentdownloads_PageParser.h in Headers */,
				4720679A1884AA8800C75B0E /* TZServerIndex.h in Headers */,
				47584F4318550401005BF727 /* TZ_torrentcrazy_PageParser.h in Headers */,
				47584F7118550401005BF727 /* TZ_linuxtracker_PageParser.h in Headers */,
				47584F5B18550401005BF727 /* TZ_torrentzap_PageParser.h in Headers */,
				47584F05185503EC005BF727 /* TZDownloadPageParser.h in Headers */,
				47584EF9185503E4005BF727 /* TZXmlFeedParser.h in Headers */,
				47584F5118550401005BF727 /* TZ_torrents_PageParser.h in Headers */,
				47584F3D18550401005BF727 /* TZ_bitsnoop_PageParser.h in Headers */,
				47584F4118550401005BF727 /* TZ_monova_PageParser.h in Headers */,
				47584F5F18550401005BF727 /* TZ_torlock_PageParser.h in Headers */,
				47584EE6185503C9005BF727 /* NSHTMLParser.h in Headers */,
				47584F7B18550439005BF727 /* TZWebContentParser.h in Headers */,
				47584F6B18550401005BF727 /* TZ_bt_chat_PageParser.h in Headers */,
				47584F7D18550439005BF727 /* TZPageLoader.h in Headers */,
				47584F4518550401005BF727 /* TZ_torrentreactor_PageParser.h in Headers */,
			);
			runOnlyForDeploymentPostprocessing = 0;
		};
/* End PBXHeadersBuildPhase section */

/* Begin PBXNativeTarget section */
		47584E9F18550258005BF727 /* TZWebContentParser */ = {
			isa = PBXNativeTarget;
			buildConfigurationList = 47584EC818550258005BF727 /* Build configuration list for PBXNativeTarget "TZWebContentParser" */;
			buildPhases = (
				47584E9B18550258005BF727 /* Sources */,
				47584E9C18550258005BF727 /* Frameworks */,
				47584E9D18550258005BF727 /* Headers */,
				47584E9E18550258005BF727 /* Resources */,
				47E6981519F745D90009E243 /* Copy Files */,
			);
			buildRules = (
			);
			dependencies = (
				47E6981719F746540009E243 /* PBXTargetDependency */,
			);
			name = TZWebContentParser;
			productName = TZWebContentParser;
			productReference = 47584EA018550258005BF727 /* TZWebContentParser.framework */;
			productType = "com.apple.product-type.framework";
		};
		47584EB618550258005BF727 /* TZWebContentParserTests */ = {
			isa = PBXNativeTarget;
			buildConfigurationList = 47584ECB18550258005BF727 /* Build configuration list for PBXNativeTarget "TZWebContentParserTests" */;
			buildPhases = (
				47584EB318550258005BF727 /* Sources */,
				47584EB418550258005BF727 /* Frameworks */,
				47584EB518550258005BF727 /* Resources */,
			);
			buildRules = (
			);
			dependencies = (
				47584EBC18550258005BF727 /* PBXTargetDependency */,
			);
			name = TZWebContentParserTests;
			productName = TZWebContentParserTests;
			productReference = 47584EB718550258005BF727 /* TZWebContentParserTests.xctest */;
			productType = "com.apple.product-type.bundle.unit-test";
		};
/* End PBXNativeTarget section */

/* Begin PBXProject section */
		47584E9718550258005BF727 /* Project object */ = {
			isa = PBXProject;
			attributes = {
				LastUpgradeCheck = 0500;
				ORGANIZATIONNAME = "Simon Baur";
				TargetAttributes = {
					47584EB618550258005BF727 = {
						TestTargetID = 47584E9F18550258005BF727;
					};
				};
			};
			buildConfigurationList = 47584E9A18550258005BF727 /* Build configuration list for PBXProject "TZWebContentParser" */;
			compatibilityVersion = "Xcode 3.2";
			developmentRegion = English;
			hasScannedForEncodings = 0;
			knownRegions = (
				en,
			);
			mainGroup = 47584E9618550258005BF727;
			productRefGroup = 47584EA118550258005BF727 /* Products */;
			projectDirPath = "";
			projectReferences = (
				{
					ProductGroup = 47E697C819F745B30009E243 /* Products */;
					ProjectRef = 47E697C719F745B30009E243 /* DTFoundation.xcodeproj */;
				},
			);
			projectRoot = "";
			targets = (
				47584E9F18550258005BF727 /* TZWebContentParser */,
				47584EB618550258005BF727 /* TZWebContentParserTests */,
			);
		};
/* End PBXProject section */

/* Begin PBXReferenceProxy section */
		47E697E419F745B40009E243 /* DTFoundation.framework */ = {
			isa = PBXReferenceProxy;
			fileType = wrapper.cfbundle;
			path = DTFoundation.framework;
			remoteRef = 47E697E319F745B40009E243 /* PBXContainerItemProxy */;
			sourceTree = BUILT_PRODUCTS_DIR;
		};
		47E697E619F745B40009E243 /* libDTFoundation.a */ = {
			isa = PBXReferenceProxy;
			fileType = archive.ar;
			path = libDTFoundation.a;
			remoteRef = 47E697E519F745B40009E243 /* PBXContainerItemProxy */;
			sourceTree = BUILT_PRODUCTS_DIR;
		};
		47E697E819F745B40009E243 /* libDTFoundation_Mac.a */ = {
			isa = PBXReferenceProxy;
			fileType = archive.ar;
			path = libDTFoundation_Mac.a;
			remoteRef = 47E697E719F745B40009E243 /* PBXContainerItemProxy */;
			sourceTree = BUILT_PRODUCTS_DIR;
		};
		47E697EA19F745B40009E243 /* libDTAnimatedGIF.a */ = {
			isa = PBXReferenceProxy;
			fileType = archive.ar;
			path = libDTAnimatedGIF.a;
			remoteRef = 47E697E919F745B40009E243 /* PBXContainerItemProxy */;
			sourceTree = BUILT_PRODUCTS_DIR;
		};
		47E697EC19F745B40009E243 /* libDTAWS.a */ = {
			isa = PBXReferenceProxy;
			fileType = archive.ar;
			path = libDTAWS.a;
			remoteRef = 47E697EB19F745B40009E243 /* PBXContainerItemProxy */;
			sourceTree = BUILT_PRODUCTS_DIR;
		};
		47E697EE19F745B40009E243 /* libDTASN1.a */ = {
			isa = PBXReferenceProxy;
			fileType = archive.ar;
			path = libDTASN1.a;
			remoteRef = 47E697ED19F745B40009E243 /* PBXContainerItemProxy */;
			sourceTree = BUILT_PRODUCTS_DIR;
		};
		47E697F019F745B40009E243 /* libDTHTMLParser_iOS.a */ = {
			isa = PBXReferenceProxy;
			fileType = archive.ar;
			path = libDTHTMLParser_iOS.a;
			remoteRef = 47E697EF19F745B40009E243 /* PBXContainerItemProxy */;
			sourceTree = BUILT_PRODUCTS_DIR;
		};
		47E697F219F745B40009E243 /* libDTHTMLParser_Mac.a */ = {
			isa = PBXReferenceProxy;
			fileType = archive.ar;
			path = libDTHTMLParser_Mac.a;
			remoteRef = 47E697F119F745B40009E243 /* PBXContainerItemProxy */;
			sourceTree = BUILT_PRODUCTS_DIR;
		};
		47E697F419F745B40009E243 /* libDTProgressHUD_iOS.a */ = {
			isa = PBXReferenceProxy;
			fileType = archive.ar;
			path = libDTProgressHUD_iOS.a;
			remoteRef = 47E697F319F745B40009E243 /* PBXContainerItemProxy */;
			sourceTree = BUILT_PRODUCTS_DIR;
		};
		47E697F619F745B40009E243 /* libDTReachability_iOS.a */ = {
			isa = PBXReferenceProxy;
			fileType = archive.ar;
			path = libDTReachability_iOS.a;
			remoteRef = 47E697F519F745B40009E243 /* PBXContainerItemProxy */;
			sourceTree = BUILT_PRODUCTS_DIR;
		};
		47E697F819F745B40009E243 /* libDTReachability_Mac.a */ = {
			isa = PBXReferenceProxy;
			fileType = archive.ar;
			path = libDTReachability_Mac.a;
			remoteRef = 47E697F719F745B40009E243 /* PBXContainerItemProxy */;
			sourceTree = BUILT_PRODUCTS_DIR;
		};
		47E697FA19F745B40009E243 /* libDTSQLite_iOS.a */ = {
			isa = PBXReferenceProxy;
			fileType = archive.ar;
			path = libDTSQLite_iOS.a;
			remoteRef = 47E697F919F745B40009E243 /* PBXContainerItemProxy */;
			sourceTree = BUILT_PRODUCTS_DIR;
		};
		47E697FC19F745B40009E243 /* libDTSQLite_Mac.a */ = {
			isa = PBXReferenceProxy;
			fileType = archive.ar;
			path = libDTSQLite_Mac.a;
			remoteRef = 47E697FB19F745B40009E243 /* PBXContainerItemProxy */;
			sourceTree = BUILT_PRODUCTS_DIR;
		};
		47E697FE19F745B40009E243 /* libDTUTI_iOS.a */ = {
			isa = PBXReferenceProxy;
			fileType = archive.ar;
			path = libDTUTI_iOS.a;
			remoteRef = 47E697FD19F745B40009E243 /* PBXContainerItemProxy */;
			sourceTree = BUILT_PRODUCTS_DIR;
		};
		47E6980019F745B40009E243 /* libDTUTI_Mac.a */ = {
			isa = PBXReferenceProxy;
			fileType = archive.ar;
			path = libDTUTI_Mac.a;
			remoteRef = 47E697FF19F745B40009E243 /* PBXContainerItemProxy */;
			sourceTree = BUILT_PRODUCTS_DIR;
		};
		47E6980219F745B40009E243 /* libDTZipArchive_iOS.a */ = {
			isa = PBXReferenceProxy;
			fileType = archive.ar;
			path = libDTZipArchive_iOS.a;
			remoteRef = 47E6980119F745B40009E243 /* PBXContainerItemProxy */;
			sourceTree = BUILT_PRODUCTS_DIR;
		};
		47E6980419F745B40009E243 /* libDTZipArchive_Mac.a */ = {
			isa = PBXReferenceProxy;
			fileType = archive.ar;
			path = libDTZipArchive_Mac.a;
			remoteRef = 47E6980319F745B40009E243 /* PBXContainerItemProxy */;
			sourceTree = BUILT_PRODUCTS_DIR;
		};
		47E6980619F745B40009E243 /* DTAnimatedGIF Demo.app */ = {
			isa = PBXReferenceProxy;
			fileType = wrapper.application;
			path = "DTAnimatedGIF Demo.app";
			remoteRef = 47E6980519F745B40009E243 /* PBXContainerItemProxy */;
			sourceTree = BUILT_PRODUCTS_DIR;
		};
		47E6980819F745B40009E243 /* DTProgressHUD Demo.app */ = {
			isa = PBXReferenceProxy;
			fileType = wrapper.application;
			path = "DTProgressHUD Demo.app";
			remoteRef = 47E6980719F745B40009E243 /* PBXContainerItemProxy */;
			sourceTree = BUILT_PRODUCTS_DIR;
		};
		47E6980A19F745B40009E243 /* DTReachability Demo.app */ = {
			isa = PBXReferenceProxy;
			fileType = wrapper.application;
			path = "DTReachability Demo.app";
			remoteRef = 47E6980919F745B40009E243 /* PBXContainerItemProxy */;
			sourceTree = BUILT_PRODUCTS_DIR;
		};
		47E6980C19F745B40009E243 /* DTSidePanels Demo.app */ = {
			isa = PBXReferenceProxy;
			fileType = wrapper.application;
			path = "DTSidePanels Demo.app";
			remoteRef = 47E6980B19F745B40009E243 /* PBXContainerItemProxy */;
			sourceTree = BUILT_PRODUCTS_DIR;
		};
		47E6980E19F745B40009E243 /* DTZipArchive.app */ = {
			isa = PBXReferenceProxy;
			fileType = wrapper.application;
			path = DTZipArchive.app;
			remoteRef = 47E6980D19F745B40009E243 /* PBXContainerItemProxy */;
			sourceTree = BUILT_PRODUCTS_DIR;
		};
		47E6981019F745B40009E243 /* DTActionSheet Demo.app */ = {
			isa = PBXReferenceProxy;
			fileType = wrapper.application;
			path = "DTActionSheet Demo.app";
			remoteRef = 47E6980F19F745B40009E243 /* PBXContainerItemProxy */;
			sourceTree = BUILT_PRODUCTS_DIR;
		};
		47E6981219F745B40009E243 /* Unit Tests.xctest */ = {
			isa = PBXReferenceProxy;
			fileType = wrapper.cfbundle;
			path = "Unit Tests.xctest";
			remoteRef = 47E6981119F745B40009E243 /* PBXContainerItemProxy */;
			sourceTree = BUILT_PRODUCTS_DIR;
		};
/* End PBXReferenceProxy section */

/* Begin PBXResourcesBuildPhase section */
		47584E9E18550258005BF727 /* Resources */ = {
			isa = PBXResourcesBuildPhase;
			buildActionMask = 2147483647;
			files = (
				47584EAE18550258005BF727 /* InfoPlist.strings in Resources */,
			);
			runOnlyForDeploymentPostprocessing = 0;
		};
		47584EB518550258005BF727 /* Resources */ = {
			isa = PBXResourcesBuildPhase;
			buildActionMask = 2147483647;
			files = (
				47584EC318550258005BF727 /* InfoPlist.strings in Resources */,
			);
			runOnlyForDeploymentPostprocessing = 0;
		};
/* End PBXResourcesBuildPhase section */

/* Begin PBXSourcesBuildPhase section */
		47584E9B18550258005BF727 /* Sources */ = {
			isa = PBXSourcesBuildPhase;
			buildActionMask = 2147483647;
			files = (
				47584F4218550401005BF727 /* TZ_monova_PageParser.m in Sources */,
				47584EE7185503C9005BF727 /* NSHTMLParser.m in Sources */,
				47584F4A18550401005BF727 /* TZ_kickass_PageParser.m in Sources */,
				47584F06185503EC005BF727 /* TZDownloadPageParser.m in Sources */,
				47203AA71884411E002C6E22 /* TZDownloadPages.m in Sources */,
				47584F7A18550439005BF727 /* TZWebContent.m in Sources */,
				47584F6A18550401005BF727 /* TZ_newtorrents_PageParser.m in Sources */,
				47584F5218550401005BF727 /* TZ_torrents_PageParser.m in Sources */,
				47584EFA185503E4005BF727 /* TZXmlFeedParser.m in Sources */,
				47584EF0185503D8005BF727 /* TZHTMLParser.m in Sources */,
				47584F4018550401005BF727 /* TZ_torrentdownloads_PageParser.m in Sources */,
				47584F5618550401005BF727 /* TZ_limetorrents_PageParser.m in Sources */,
				47584F7018550401005BF727 /* TZ_eztv_PageParser.m in Sources */,
				47584F5018550401005BF727 /* TZ_yourbittorrent_PageParser.m in Sources */,
				47584F5818550401005BF727 /* TZ_archive_PageParser.m in Sources */,
				47584F4E18550401005BF727 /* TZ_seedpeer_PageParser.m in Sources */,
				47584EF2185503D8005BF727 /* TZXMLParser.m in Sources */,
				47584F3E18550401005BF727 /* TZ_bitsnoop_PageParser.m in Sources */,
				47584F7218550401005BF727 /* TZ_linuxtracker_PageParser.m in Sources */,
				47584F5418550401005BF727 /* TZ_fulldls_PageParser.m in Sources */,
				47584F6618550401005BF727 /* TZ_torrentbit_PageParser.m in Sources */,
				47584F7E18550439005BF727 /* TZPageLoader.m in Sources */,
				47584F4418550401005BF727 /* TZ_torrentcrazy_PageParser.m in Sources */,
				47584F5C18550401005BF727 /* TZ_torrentzap_PageParser.m in Sources */,
				47584F6218550401005BF727 /* TZ_vertor_PageParser.m in Sources */,
				47584F6E18550401005BF727 /* TZ_publichd_PageParser.m in Sources */,
				47584F4818550401005BF727 /* TZ_torrenthound_PageParser.m in Sources */,
				47584F6818550401005BF727 /* TZ_rarbg_PageParser.m in Sources */,
				4720679B1884AA8800C75B0E /* TZServerIndex.m in Sources */,
				47203AA51884411E002C6E22 /* TZTorrentQuery.m in Sources */,
				47584F5A18550401005BF727 /* TZ_thepiratebay_PageParser.m in Sources */,
				47584F4618550401005BF727 /* TZ_torrentreactor_PageParser.m in Sources */,
				47584EF8185503E4005BF727 /* TZXmlRawParser.m in Sources */,
				47584F04185503EC005BF727 /* TZServerIndexParser.m in Sources */,
				47584F6018550401005BF727 /* TZ_torlock_PageParser.m in Sources */,
				4736D748188C8EDA00128ED7 /* TZ_h33t_PageParser.m in Sources */,
				47584F6418550401005BF727 /* TZ_1337x_PageParser.m in Sources */,
				47584F5E18550401005BF727 /* TZ_extratorrent_PageParser.m in Sources */,
				47584F7C18550439005BF727 /* TZWebContentParser.m in Sources */,
				47584F02185503EC005BF727 /* TZHtmlRawParser.m in Sources */,
				47584F6C18550401005BF727 /* TZ_bt_chat_PageParser.m in Sources */,
				47584F4C18550401005BF727 /* TZ_torrentfunk_PageParser.m in Sources */,
				47584F821855045B005BF727 /* TZTorrentzOperation.m in Sources */,
			);
			runOnlyForDeploymentPostprocessing = 0;
		};
		47584EB318550258005BF727 /* Sources */ = {
			isa = PBXSourcesBuildPhase;
			buildActionMask = 2147483647;
			files = (
				47584EC518550258005BF727 /* TZWebContentParserTests.m in Sources */,
			);
			runOnlyForDeploymentPostprocessing = 0;
		};
/* End PBXSourcesBuildPhase section */

/* Begin PBXTargetDependency section */
		47584EBC18550258005BF727 /* PBXTargetDependency */ = {
			isa = PBXTargetDependency;
			target = 47584E9F18550258005BF727 /* TZWebContentParser */;
			targetProxy = 47584EBB18550258005BF727 /* PBXContainerItemProxy */;
		};
		47E6981719F746540009E243 /* PBXTargetDependency */ = {
			isa = PBXTargetDependency;
			name = "DTHTMLParser (Mac)";
			targetProxy = 47E6981619F746540009E243 /* PBXContainerItemProxy */;
		};
/* End PBXTargetDependency section */

/* Begin PBXVariantGroup section */
		47584EAC18550258005BF727 /* InfoPlist.strings */ = {
			isa = PBXVariantGroup;
			children = (
				47584EAD18550258005BF727 /* en */,
			);
			name = InfoPlist.strings;
			sourceTree = "<group>";
		};
		47584EC118550258005BF727 /* InfoPlist.strings */ = {
			isa = PBXVariantGroup;
			children = (
				47584EC218550258005BF727 /* en */,
			);
			name = InfoPlist.strings;
			sourceTree = "<group>";
		};
/* End PBXVariantGroup section */

/* Begin XCBuildConfiguration section */
		47584EC618550258005BF727 /* Debug */ = {
			isa = XCBuildConfiguration;
			buildSettings = {
				ALWAYS_SEARCH_USER_PATHS = NO;
				CLANG_CXX_LANGUAGE_STANDARD = "gnu++0x";
				CLANG_CXX_LIBRARY = "libc++";
				CLANG_ENABLE_OBJC_ARC = YES;
				CLANG_WARN_BOOL_CONVERSION = YES;
				CLANG_WARN_CONSTANT_CONVERSION = YES;
				CLANG_WARN_DIRECT_OBJC_ISA_USAGE = YES_ERROR;
				CLANG_WARN_EMPTY_BODY = YES;
				CLANG_WARN_ENUM_CONVERSION = YES;
				CLANG_WARN_INT_CONVERSION = YES;
				CLANG_WARN_OBJC_ROOT_CLASS = YES_ERROR;
				CLANG_WARN__DUPLICATE_METHOD_MATCH = YES;
				COPY_PHASE_STRIP = NO;
				GCC_C_LANGUAGE_STANDARD = gnu99;
				GCC_DYNAMIC_NO_PIC = NO;
				GCC_ENABLE_OBJC_EXCEPTIONS = YES;
				GCC_OPTIMIZATION_LEVEL = 0;
				GCC_PREPROCESSOR_DEFINITIONS = (
					"DEBUG=1",
					"$(inherited)",
				);
				GCC_SYMBOLS_PRIVATE_EXTERN = NO;
				GCC_WARN_64_TO_32_BIT_CONVERSION = YES;
				GCC_WARN_ABOUT_RETURN_TYPE = YES_ERROR;
				GCC_WARN_UNDECLARED_SELECTOR = YES;
				GCC_WARN_UNINITIALIZED_AUTOS = YES;
				GCC_WARN_UNUSED_FUNCTION = YES;
				GCC_WARN_UNUSED_VARIABLE = YES;
				MACOSX_DEPLOYMENT_TARGET = 10.8;
				ONLY_ACTIVE_ARCH = YES;
				SDKROOT = macosx;
			};
			name = Debug;
		};
		47584EC718550258005BF727 /* Release */ = {
			isa = XCBuildConfiguration;
			buildSettings = {
				ALWAYS_SEARCH_USER_PATHS = NO;
				CLANG_CXX_LANGUAGE_STANDARD = "gnu++0x";
				CLANG_CXX_LIBRARY = "libc++";
				CLANG_ENABLE_OBJC_ARC = YES;
				CLANG_WARN_BOOL_CONVERSION = YES;
				CLANG_WARN_CONSTANT_CONVERSION = YES;
				CLANG_WARN_DIRECT_OBJC_ISA_USAGE = YES_ERROR;
				CLANG_WARN_EMPTY_BODY = YES;
				CLANG_WARN_ENUM_CONVERSION = YES;
				CLANG_WARN_INT_CONVERSION = YES;
				CLANG_WARN_OBJC_ROOT_CLASS = YES_ERROR;
				CLANG_WARN__DUPLICATE_METHOD_MATCH = YES;
				COPY_PHASE_STRIP = YES;
				DEBUG_INFORMATION_FORMAT = "dwarf-with-dsym";
				ENABLE_NS_ASSERTIONS = NO;
				GCC_C_LANGUAGE_STANDARD = gnu99;
				GCC_ENABLE_OBJC_EXCEPTIONS = YES;
				GCC_WARN_64_TO_32_BIT_CONVERSION = YES;
				GCC_WARN_ABOUT_RETURN_TYPE = YES_ERROR;
				GCC_WARN_UNDECLARED_SELECTOR = YES;
				GCC_WARN_UNINITIALIZED_AUTOS = YES;
				GCC_WARN_UNUSED_FUNCTION = YES;
				GCC_WARN_UNUSED_VARIABLE = YES;
				MACOSX_DEPLOYMENT_TARGET = 10.8;
				SDKROOT = macosx;
			};
			name = Release;
		};
		47584EC918550258005BF727 /* Debug */ = {
			isa = XCBuildConfiguration;
			buildSettings = {
				COMBINE_HIDPI_IMAGES = YES;
				DYLIB_COMPATIBILITY_VERSION = 1;
				DYLIB_CURRENT_VERSION = 1;
				FRAMEWORK_VERSION = A;
				GCC_PRECOMPILE_PREFIX_HEADER = YES;
				GCC_PREFIX_HEADER = "TZWebContentParser/TZWebContentParser-Prefix.pch";
				HEADER_SEARCH_PATHS = (
					"$(inherited)",
					/Applications/Xcode.app/Contents/Developer/Toolchains/XcodeDefault.xctoolchain/usr/include,
				);
				INFOPLIST_FILE = "TZWebContentParser/TZWebContentParser-Info.plist";
				INSTALL_PATH = "@executable_path/../Frameworks";
				OTHER_LDFLAGS = "";
				PRODUCT_NAME = "$(TARGET_NAME)";
				WRAPPER_EXTENSION = framework;
			};
			name = Debug;
		};
		47584ECA18550258005BF727 /* Release */ = {
			isa = XCBuildConfiguration;
			buildSettings = {
				COMBINE_HIDPI_IMAGES = YES;
				DYLIB_COMPATIBILITY_VERSION = 1;
				DYLIB_CURRENT_VERSION = 1;
				FRAMEWORK_VERSION = A;
				GCC_PRECOMPILE_PREFIX_HEADER = YES;
				GCC_PREFIX_HEADER = "TZWebContentParser/TZWebContentParser-Prefix.pch";
				GCC_PREPROCESSOR_DEFINITIONS = "DEBUG=0";
				HEADER_SEARCH_PATHS = (
					"$(inherited)",
					/Applications/Xcode.app/Contents/Developer/Toolchains/XcodeDefault.xctoolchain/usr/include,
				);
				INFOPLIST_FILE = "TZWebContentParser/TZWebContentParser-Info.plist";
				INSTALL_PATH = "@executable_path/../Frameworks";
				OTHER_LDFLAGS = "";
				PRODUCT_NAME = "$(TARGET_NAME)";
				WRAPPER_EXTENSION = framework;
			};
			name = Release;
		};
		47584ECC18550258005BF727 /* Debug */ = {
			isa = XCBuildConfiguration;
			buildSettings = {
				BUNDLE_LOADER = "$(BUILT_PRODUCTS_DIR)/TZWebContentParser.framework/Versions/A/TZWebContentParser";
				COMBINE_HIDPI_IMAGES = YES;
				FRAMEWORK_SEARCH_PATHS = (
					"$(DEVELOPER_FRAMEWORKS_DIR)",
					"$(inherited)",
				);
				GCC_PRECOMPILE_PREFIX_HEADER = YES;
				GCC_PREFIX_HEADER = "TZWebContentParser/TZWebContentParser-Prefix.pch";
				GCC_PREPROCESSOR_DEFINITIONS = (
					"DEBUG=1",
					"$(inherited)",
				);
				INFOPLIST_FILE = "TZWebContentParserTests/TZWebContentParserTests-Info.plist";
				PRODUCT_NAME = "$(TARGET_NAME)";
				TEST_HOST = "$(BUNDLE_LOADER)";
				WRAPPER_EXTENSION = xctest;
			};
			name = Debug;
		};
		47584ECD18550258005BF727 /* Release */ = {
			isa = XCBuildConfiguration;
			buildSettings = {
				BUNDLE_LOADER = "$(BUILT_PRODUCTS_DIR)/TZWebContentParser.framework/Versions/A/TZWebContentParser";
				COMBINE_HIDPI_IMAGES = YES;
				FRAMEWORK_SEARCH_PATHS = (
					"$(DEVELOPER_FRAMEWORKS_DIR)",
					"$(inherited)",
				);
				GCC_PRECOMPILE_PREFIX_HEADER = YES;
				GCC_PREFIX_HEADER = "TZWebContentParser/TZWebContentParser-Prefix.pch";
				INFOPLIST_FILE = "TZWebContentParserTests/TZWebContentParserTests-Info.plist";
				PRODUCT_NAME = "$(TARGET_NAME)";
				TEST_HOST = "$(BUNDLE_LOADER)";
				WRAPPER_EXTENSION = xctest;
			};
			name = Release;
		};
/* End XCBuildConfiguration section */

/* Begin XCConfigurationList section */
		47584E9A18550258005BF727 /* Build configuration list for PBXProject "TZWebContentParser" */ = {
			isa = XCConfigurationList;
			buildConfigurations = (
				47584EC618550258005BF727 /* Debug */,
				47584EC718550258005BF727 /* Release */,
			);
			defaultConfigurationIsVisible = 0;
			defaultConfigurationName = Release;
		};
		47584EC818550258005BF727 /* Build configuration list for PBXNativeTarget "TZWebContentParser" */ = {
			isa = XCConfigurationList;
			buildConfigurations = (
				47584EC918550258005BF727 /* Debug */,
				47584ECA18550258005BF727 /* Release */,
			);
			defaultConfigurationIsVisible = 0;
			defaultConfigurationName = Release;
		};
		47584ECB18550258005BF727 /* Build configuration list for PBXNativeTarget "TZWebContentParserTests" */ = {
			isa = XCConfigurationList;
			buildConfigurations = (
				47584ECC18550258005BF727 /* Debug */,
				47584ECD18550258005BF727 /* Release */,
			);
			defaultConfigurationIsVisible = 0;
			defaultConfigurationName = Release;
		};
/* End XCConfigurationList section */
	};
	rootObject = 47584E9718550258005BF727 /* Project object */;
}
